// !$*UTF8*$!
{
	archiveVersion = 1;
	classes = {
	};
	objectVersion = 46;
	objects = {

/* Begin PBXBuildFile section */
		971240A11B09FE3200E25C2E /* TopViewController.swift in Sources */ = {isa = PBXBuildFile; fileRef = 9712409F1B09FE3200E25C2E /* TopViewController.swift */; };
		971240A51B09FE6F00E25C2E /* SearchViewController.swift in Sources */ = {isa = PBXBuildFile; fileRef = 971240A31B09FE6F00E25C2E /* SearchViewController.swift */; };
		971240A91B09FE8400E25C2E /* FollowerRankingViewController.swift in Sources */ = {isa = PBXBuildFile; fileRef = 971240A71B09FE8400E25C2E /* FollowerRankingViewController.swift */; };
		971240AD1B09FEA400E25C2E /* LikeRankingViewController.swift in Sources */ = {isa = PBXBuildFile; fileRef = 971240AB1B09FEA400E25C2E /* LikeRankingViewController.swift */; };
		971240B11B09FED400E25C2E /* UserDetailViewController.swift in Sources */ = {isa = PBXBuildFile; fileRef = 971240AF1B09FED400E25C2E /* UserDetailViewController.swift */; };
		971240B51B09FEE400E25C2E /* OtherViewController.swift in Sources */ = {isa = PBXBuildFile; fileRef = 971240B31B09FEE400E25C2E /* OtherViewController.swift */; };
		971240B81B0A016300E25C2E /* TabBarController.swift in Sources */ = {isa = PBXBuildFile; fileRef = 971240B71B0A016300E25C2E /* TabBarController.swift */; };
		9720D5361B0F4B4A00E258CE /* Reachability.m in Sources */ = {isa = PBXBuildFile; fileRef = 9720D5351B0F4B4A00E258CE /* Reachability.m */; };
		9720D5381B0F4B6C00E258CE /* SystemConfiguration.framework in Frameworks */ = {isa = PBXBuildFile; fileRef = 9720D5371B0F4B6C00E258CE /* SystemConfiguration.framework */; };
		97769B171B5E656300CC0D41 /* MessageUI.framework in Frameworks */ = {isa = PBXBuildFile; fileRef = 97769B161B5E656300CC0D41 /* MessageUI.framework */; };
		97769B1B1B5E777100CC0D41 /* faq.txt in Resources */ = {isa = PBXBuildFile; fileRef = 97769B181B5E777100CC0D41 /* faq.txt */; };
		97769B1C1B5E777100CC0D41 /* license.txt in Resources */ = {isa = PBXBuildFile; fileRef = 97769B191B5E777100CC0D41 /* license.txt */; };
		97769B1D1B5E777100CC0D41 /* sozai.txt in Resources */ = {isa = PBXBuildFile; fileRef = 97769B1A1B5E777100CC0D41 /* sozai.txt */; };
		C70204C61B0A1F6A004FAD19 /* LaunchScreen.xib in Resources */ = {isa = PBXBuildFile; fileRef = C70204C51B0A1F6A004FAD19 /* LaunchScreen.xib */; };
		C70204EE1B0A2070004FAD19 /* AFHTTPRequestOperation.m in Sources */ = {isa = PBXBuildFile; fileRef = C70204CA1B0A2070004FAD19 /* AFHTTPRequestOperation.m */; };
		C70204EF1B0A2070004FAD19 /* AFHTTPRequestOperationManager.m in Sources */ = {isa = PBXBuildFile; fileRef = C70204CC1B0A2070004FAD19 /* AFHTTPRequestOperationManager.m */; };
		C70204F01B0A2070004FAD19 /* AFHTTPSessionManager.m in Sources */ = {isa = PBXBuildFile; fileRef = C70204CE1B0A2070004FAD19 /* AFHTTPSessionManager.m */; };
		C70204F11B0A2070004FAD19 /* AFNetworkReachabilityManager.m in Sources */ = {isa = PBXBuildFile; fileRef = C70204D11B0A2070004FAD19 /* AFNetworkReachabilityManager.m */; };
		C70204F21B0A2070004FAD19 /* AFSecurityPolicy.m in Sources */ = {isa = PBXBuildFile; fileRef = C70204D31B0A2070004FAD19 /* AFSecurityPolicy.m */; };
		C70204F31B0A2070004FAD19 /* AFURLConnectionOperation.m in Sources */ = {isa = PBXBuildFile; fileRef = C70204D51B0A2070004FAD19 /* AFURLConnectionOperation.m */; };
		C70204F41B0A2070004FAD19 /* AFURLRequestSerialization.m in Sources */ = {isa = PBXBuildFile; fileRef = C70204D71B0A2070004FAD19 /* AFURLRequestSerialization.m */; };
		C70204F51B0A2070004FAD19 /* AFURLResponseSerialization.m in Sources */ = {isa = PBXBuildFile; fileRef = C70204D91B0A2070004FAD19 /* AFURLResponseSerialization.m */; };
		C70204F61B0A2070004FAD19 /* AFURLSessionManager.m in Sources */ = {isa = PBXBuildFile; fileRef = C70204DB1B0A2070004FAD19 /* AFURLSessionManager.m */; };
		C70204F71B0A2070004FAD19 /* AFNetworkActivityIndicatorManager.m in Sources */ = {isa = PBXBuildFile; fileRef = C70204DE1B0A2070004FAD19 /* AFNetworkActivityIndicatorManager.m */; };
		C70204F81B0A2070004FAD19 /* UIActivityIndicatorView+AFNetworking.m in Sources */ = {isa = PBXBuildFile; fileRef = C70204E01B0A2070004FAD19 /* UIActivityIndicatorView+AFNetworking.m */; };
		C70204F91B0A2070004FAD19 /* UIAlertView+AFNetworking.m in Sources */ = {isa = PBXBuildFile; fileRef = C70204E21B0A2070004FAD19 /* UIAlertView+AFNetworking.m */; };
		C70204FA1B0A2070004FAD19 /* UIButton+AFNetworking.m in Sources */ = {isa = PBXBuildFile; fileRef = C70204E41B0A2070004FAD19 /* UIButton+AFNetworking.m */; };
		C70204FB1B0A2070004FAD19 /* UIImageView+AFNetworking.m in Sources */ = {isa = PBXBuildFile; fileRef = C70204E61B0A2070004FAD19 /* UIImageView+AFNetworking.m */; };
		C70204FC1B0A2070004FAD19 /* UIProgressView+AFNetworking.m in Sources */ = {isa = PBXBuildFile; fileRef = C70204E91B0A2070004FAD19 /* UIProgressView+AFNetworking.m */; };
		C70204FD1B0A2070004FAD19 /* UIRefreshControl+AFNetworking.m in Sources */ = {isa = PBXBuildFile; fileRef = C70204EB1B0A2070004FAD19 /* UIRefreshControl+AFNetworking.m */; };
		C70204FE1B0A2070004FAD19 /* UIWebView+AFNetworking.m in Sources */ = {isa = PBXBuildFile; fileRef = C70204ED1B0A2070004FAD19 /* UIWebView+AFNetworking.m */; };
		C70205041B0AEA88004FAD19 /* HTMLNode.swift in Sources */ = {isa = PBXBuildFile; fileRef = C70205011B0AEA88004FAD19 /* HTMLNode.swift */; };
		C70205051B0AEA88004FAD19 /* HTMLParser.swift in Sources */ = {isa = PBXBuildFile; fileRef = C70205021B0AEA88004FAD19 /* HTMLParser.swift */; };
		C70205071B0AEAFB004FAD19 /* libxml2.dylib in Frameworks */ = {isa = PBXBuildFile; fileRef = C70205061B0AEAFB004FAD19 /* libxml2.dylib */; };
		C702050E1B108165004FAD19 /* SVProgressHUD.bundle in Resources */ = {isa = PBXBuildFile; fileRef = C702050B1B108165004FAD19 /* SVProgressHUD.bundle */; };
		C702050F1B108165004FAD19 /* SVProgressHUD.m in Sources */ = {isa = PBXBuildFile; fileRef = C702050D1B108165004FAD19 /* SVProgressHUD.m */; };
		C70205131B1090A6004FAD19 /* AFHTTPRequestOperationManager+TimeoutCategory.m in Sources */ = {isa = PBXBuildFile; fileRef = C70205121B1090A6004FAD19 /* AFHTTPRequestOperationManager+TimeoutCategory.m */; };
		C70205FC1B1ACF49004FAD19 /* Talentinsta.swift in Sources */ = {isa = PBXBuildFile; fileRef = C70205FB1B1ACF49004FAD19 /* Talentinsta.swift */; };
		C70205FE1B1AD285004FAD19 /* ParseHelper.swift in Sources */ = {isa = PBXBuildFile; fileRef = C70205FD1B1AD285004FAD19 /* ParseHelper.swift */; };
		C70206001B1C15B1004FAD19 /* Util.swift in Sources */ = {isa = PBXBuildFile; fileRef = C70205FF1B1C15B1004FAD19 /* Util.swift */; };
		C70206021B1C8CF6004FAD19 /* Log.swift in Sources */ = {isa = PBXBuildFile; fileRef = C70206011B1C8CF6004FAD19 /* Log.swift */; };
		C74A834A1B4B574E00EDAE9D /* TalentModel.swift in Sources */ = {isa = PBXBuildFile; fileRef = C74A83491B4B574E00EDAE9D /* TalentModel.swift */; };
		C74A834C1B4CD14C00EDAE9D /* RealmHelper.swift in Sources */ = {isa = PBXBuildFile; fileRef = C74A834B1B4CD14C00EDAE9D /* RealmHelper.swift */; };
		C74A83521B4D6D7F00EDAE9D /* barbtn_action@2x.png in Resources */ = {isa = PBXBuildFile; fileRef = C74A834D1B4D6D7F00EDAE9D /* barbtn_action@2x.png */; };
		C74A83531B4D6D7F00EDAE9D /* barbtn_back@2x.png in Resources */ = {isa = PBXBuildFile; fileRef = C74A834E1B4D6D7F00EDAE9D /* barbtn_back@2x.png */; };
		C74A83541B4D6D7F00EDAE9D /* barbtn_forward@2x.png in Resources */ = {isa = PBXBuildFile; fileRef = C74A834F1B4D6D7F00EDAE9D /* barbtn_forward@2x.png */; };
		C74A83551B4D6D7F00EDAE9D /* barbtn_gear@2x.png in Resources */ = {isa = PBXBuildFile; fileRef = C74A83501B4D6D7F00EDAE9D /* barbtn_gear@2x.png */; };
		C74A83561B4D6D7F00EDAE9D /* barbtn_reload@2x.png in Resources */ = {isa = PBXBuildFile; fileRef = C74A83511B4D6D7F00EDAE9D /* barbtn_reload@2x.png */; };
		C74A83581B4EB8EA00EDAE9D /* IndexTitleTalent.swift in Sources */ = {isa = PBXBuildFile; fileRef = C74A83571B4EB8EA00EDAE9D /* IndexTitleTalent.swift */; };
		C76368AE1B53F1F400F3EBCE /* TopTableViewCell.swift in Sources */ = {isa = PBXBuildFile; fileRef = C76368AD1B53F1F400F3EBCE /* TopTableViewCell.swift */; };
		C76368B01B540C0D00F3EBCE /* terracehouse.txt in Resources */ = {isa = PBXBuildFile; fileRef = C76368AF1B540C0D00F3EBCE /* terracehouse.txt */; };
		C7640DEB1B492C89002C443F /* loading@2x.png in Resources */ = {isa = PBXBuildFile; fileRef = C7640DEA1B492C89002C443F /* loading@2x.png */; };
		C7640DEF1B4AC66E002C443F /* names.txt in Resources */ = {isa = PBXBuildFile; fileRef = C7640DEE1B4AC66E002C443F /* names.txt */; };
		C7640DF11B4ACD28002C443F /* CoreData.framework in Frameworks */ = {isa = PBXBuildFile; fileRef = C7640DF01B4ACD28002C443F /* CoreData.framework */; };
		C7640E261B4AD1D5002C443F /* libc++.dylib in Frameworks */ = {isa = PBXBuildFile; fileRef = C7640E251B4AD1D5002C443F /* libc++.dylib */; };
		C76620D01B1DDB05003FFC7A /* Main.storyboard in Resources */ = {isa = PBXBuildFile; fileRef = C76620CF1B1DDB05003FFC7A /* Main.storyboard */; };
		C76620D21B1DDD4A003FFC7A /* Main2.storyboard in Resources */ = {isa = PBXBuildFile; fileRef = C76620D11B1DDD4A003FFC7A /* Main2.storyboard */; };
		C76620D41B1E830F003FFC7A /* FollowerRankingTableViewCell.swift in Sources */ = {isa = PBXBuildFile; fileRef = C76620D31B1E830F003FFC7A /* FollowerRankingTableViewCell.swift */; };
		C76620D61B2126A8003FFC7A /* TalentUser.swift in Sources */ = {isa = PBXBuildFile; fileRef = C76620D51B2126A8003FFC7A /* TalentUser.swift */; };
		C772B1E11B75CC2000986F97 /* NewsViewController.swift in Sources */ = {isa = PBXBuildFile; fileRef = C772B1E01B75CC2000986F97 /* NewsViewController.swift */; };
		C772B1E31B75CDCC00986F97 /* NewsTableViewCell.swift in Sources */ = {isa = PBXBuildFile; fileRef = C772B1E21B75CDCC00986F97 /* NewsTableViewCell.swift */; };
		C772B1E51B75D6C200986F97 /* News.swift in Sources */ = {isa = PBXBuildFile; fileRef = C772B1E41B75D6C200986F97 /* News.swift */; };
		C772B1F61B75DA9E00986F97 /* GTMNSString+HTML.m in Sources */ = {isa = PBXBuildFile; fileRef = C772B1E81B75DA9E00986F97 /* GTMNSString+HTML.m */; };
		C772B1F71B75DA9E00986F97 /* MWFeedInfo.m in Sources */ = {isa = PBXBuildFile; fileRef = C772B1EA1B75DA9E00986F97 /* MWFeedInfo.m */; };
		C772B1F81B75DA9E00986F97 /* MWFeedItem.m in Sources */ = {isa = PBXBuildFile; fileRef = C772B1EC1B75DA9E00986F97 /* MWFeedItem.m */; };
		C772B1F91B75DA9E00986F97 /* MWFeedParser.m in Sources */ = {isa = PBXBuildFile; fileRef = C772B1EE1B75DA9E00986F97 /* MWFeedParser.m */; };
		C772B1FA1B75DA9E00986F97 /* NSDate+InternetDateTime.m in Sources */ = {isa = PBXBuildFile; fileRef = C772B1F11B75DA9E00986F97 /* NSDate+InternetDateTime.m */; };
		C772B1FB1B75DA9E00986F97 /* NSString+HTML.m in Sources */ = {isa = PBXBuildFile; fileRef = C772B1F31B75DA9E00986F97 /* NSString+HTML.m */; };
		C772B1FC1B75DA9E00986F97 /* NSString+XMLEntities.m in Sources */ = {isa = PBXBuildFile; fileRef = C772B1F51B75DA9E00986F97 /* NSString+XMLEntities.m */; };
		C77979431C53B15200D6B22C /* Realm.framework in Frameworks */ = {isa = PBXBuildFile; fileRef = C77979411C53B15200D6B22C /* Realm.framework */; };
		C77979441C53B15200D6B22C /* Realm.framework in Embed Frameworks */ = {isa = PBXBuildFile; fileRef = C77979411C53B15200D6B22C /* Realm.framework */; settings = {ATTRIBUTES = (CodeSignOnCopy, RemoveHeadersOnCopy, ); }; };
		C77979451C53B15200D6B22C /* RealmSwift.framework in Frameworks */ = {isa = PBXBuildFile; fileRef = C77979421C53B15200D6B22C /* RealmSwift.framework */; };
		C77979461C53B15200D6B22C /* RealmSwift.framework in Embed Frameworks */ = {isa = PBXBuildFile; fileRef = C77979421C53B15200D6B22C /* RealmSwift.framework */; settings = {ATTRIBUTES = (CodeSignOnCopy, RemoveHeadersOnCopy, ); }; };
		C77979481C53C60E00D6B22C /* NSObject+classname.swift in Sources */ = {isa = PBXBuildFile; fileRef = C77979471C53C60E00D6B22C /* NSObject+classname.swift */; };
		C779ADC51B0379AB000F585A /* AppDelegate.swift in Sources */ = {isa = PBXBuildFile; fileRef = C779ADC41B0379AB000F585A /* AppDelegate.swift */; };
		C779ADCE1B0379AB000F585A /* Images.xcassets in Resources */ = {isa = PBXBuildFile; fileRef = C779ADCD1B0379AB000F585A /* Images.xcassets */; };
		C779ADDD1B0379AB000F585A /* InstaSearchTests.swift in Sources */ = {isa = PBXBuildFile; fileRef = C779ADDC1B0379AB000F585A /* InstaSearchTests.swift */; };
		C7CFAE571B561A0000C6B67F /* btn_close@2x.png in Resources */ = {isa = PBXBuildFile; fileRef = C7CFAE561B561A0000C6B67F /* btn_close@2x.png */; };
		C7CFAE591B575FED00C6B67F /* Social.framework in Frameworks */ = {isa = PBXBuildFile; fileRef = C7CFAE581B575FED00C6B67F /* Social.framework */; };
		C7CFAE5D1B59441100C6B67F /* koreanidol.txt in Resources */ = {isa = PBXBuildFile; fileRef = C7CFAE5C1B59441100C6B67F /* koreanidol.txt */; };
		C7CFAE611B5B878500C6B67F /* SubTalentModel.swift in Sources */ = {isa = PBXBuildFile; fileRef = C7CFAE601B5B878500C6B67F /* SubTalentModel.swift */; };
		C7CFAE6A1B5BAF2A00C6B67F /* akbgroup.txt in Resources */ = {isa = PBXBuildFile; fileRef = C7CFAE621B5BAF2A00C6B67F /* akbgroup.txt */; };
		C7CFAE6B1B5BAF2A00C6B67F /* comedian.txt in Resources */ = {isa = PBXBuildFile; fileRef = C7CFAE631B5BAF2A00C6B67F /* comedian.txt */; };
		C7CFAE6C1B5BAF2A00C6B67F /* creator.txt in Resources */ = {isa = PBXBuildFile; fileRef = C7CFAE641B5BAF2A00C6B67F /* creator.txt */; };
		C7CFAE6D1B5BAF2A00C6B67F /* international.txt in Resources */ = {isa = PBXBuildFile; fileRef = C7CFAE651B5BAF2A00C6B67F /* international.txt */; };
		C7CFAE6E1B5BAF2A00C6B67F /* modelandbikini.txt in Resources */ = {isa = PBXBuildFile; fileRef = C7CFAE661B5BAF2A00C6B67F /* modelandbikini.txt */; };
		C7CFAE6F1B5BAF2A00C6B67F /* singer.txt in Resources */ = {isa = PBXBuildFile; fileRef = C7CFAE671B5BAF2A00C6B67F /* singer.txt */; };
		C7CFAE701B5BAF2A00C6B67F /* talentman.txt in Resources */ = {isa = PBXBuildFile; fileRef = C7CFAE681B5BAF2A00C6B67F /* talentman.txt */; };
		C7CFAE711B5BAF2A00C6B67F /* talentwoman.txt in Resources */ = {isa = PBXBuildFile; fileRef = C7CFAE691B5BAF2A00C6B67F /* talentwoman.txt */; };
		C7CFAE731B5BFB6900C6B67F /* barbtn_reload_white@2x.png in Resources */ = {isa = PBXBuildFile; fileRef = C7CFAE721B5BFB6900C6B67F /* barbtn_reload_white@2x.png */; };
		C7CFAE801B5C03D900C6B67F /* libGoogleAnalyticsServices.a in Frameworks */ = {isa = PBXBuildFile; fileRef = C7CFAE7F1B5C03D900C6B67F /* libGoogleAnalyticsServices.a */; };
		C7CFAE821B5C051E00C6B67F /* libz.dylib in Frameworks */ = {isa = PBXBuildFile; fileRef = C7CFAE811B5C051E00C6B67F /* libz.dylib */; };
		C7CFAE841B5C052800C6B67F /* libsqlite3.dylib in Frameworks */ = {isa = PBXBuildFile; fileRef = C7CFAE831B5C052800C6B67F /* libsqlite3.dylib */; };
		C7CFAE8A1B5CD13B00C6B67F /* tabbtn_finduser@2x.png in Resources */ = {isa = PBXBuildFile; fileRef = C7CFAE851B5CD13B00C6B67F /* tabbtn_finduser@2x.png */; };
		C7CFAE8B1B5CD13B00C6B67F /* tabbtn_group@2x.png in Resources */ = {isa = PBXBuildFile; fileRef = C7CFAE861B5CD13B00C6B67F /* tabbtn_group@2x.png */; };
		C7CFAE8C1B5CD13B00C6B67F /* tabbtn_help@2x.png in Resources */ = {isa = PBXBuildFile; fileRef = C7CFAE871B5CD13B00C6B67F /* tabbtn_help@2x.png */; };
		C7CFAE8D1B5CD13B00C6B67F /* tabbtn_like@2x.png in Resources */ = {isa = PBXBuildFile; fileRef = C7CFAE881B5CD13B00C6B67F /* tabbtn_like@2x.png */; };
		C7CFAE8E1B5CD13B00C6B67F /* tabbtn_t@2x.png in Resources */ = {isa = PBXBuildFile; fileRef = C7CFAE891B5CD13B00C6B67F /* tabbtn_t@2x.png */; };
		C7CFAE901B5CD35D00C6B67F /* tabbtn_t@3x.png in Resources */ = {isa = PBXBuildFile; fileRef = C7CFAE8F1B5CD35D00C6B67F /* tabbtn_t@3x.png */; };
		C7CFAE971B5CD6AB00C6B67F /* logo_white@2x.png in Resources */ = {isa = PBXBuildFile; fileRef = C7CFAE951B5CD6AB00C6B67F /* logo_white@2x.png */; };
		C7CFAE981B5CD6AB00C6B67F /* logo_white@3x.png in Resources */ = {isa = PBXBuildFile; fileRef = C7CFAE961B5CD6AB00C6B67F /* logo_white@3x.png */; };
		C7CFAE9A1B5D3BC000C6B67F /* ImobileSdkAds.framework in Frameworks */ = {isa = PBXBuildFile; fileRef = C7CFAE991B5D3BC000C6B67F /* ImobileSdkAds.framework */; };
		C7CFAE9C1B5D3BF900C6B67F /* CoreLocation.framework in Frameworks */ = {isa = PBXBuildFile; fileRef = C7CFAE9B1B5D3BF900C6B67F /* CoreLocation.framework */; };
		C7CFAE9E1B5D3C0200C6B67F /* AdSupport.framework in Frameworks */ = {isa = PBXBuildFile; fileRef = C7CFAE9D1B5D3C0200C6B67F /* AdSupport.framework */; };
		C7E9CDC51B9603A200709CD2 /* tabbtn_recommend@2x.png in Resources */ = {isa = PBXBuildFile; fileRef = C7E9CDC31B9603A200709CD2 /* tabbtn_recommend@2x.png */; };
		C7E9CDC61B9603A200709CD2 /* tabbtn_recommend@3x.png in Resources */ = {isa = PBXBuildFile; fileRef = C7E9CDC41B9603A200709CD2 /* tabbtn_recommend@3x.png */; };
		C7E9CDCB1B96A53400709CD2 /* btn_info@2x.png in Resources */ = {isa = PBXBuildFile; fileRef = C7E9CDC91B96A53400709CD2 /* btn_info@2x.png */; };
		C7E9CDCC1B96A53400709CD2 /* btn_info@3x.png in Resources */ = {isa = PBXBuildFile; fileRef = C7E9CDCA1B96A53400709CD2 /* btn_info@3x.png */; };
		C7E9CDCF1B96A68F00709CD2 /* btn_news@2x.png in Resources */ = {isa = PBXBuildFile; fileRef = C7E9CDCD1B96A68F00709CD2 /* btn_news@2x.png */; };
		C7E9CDD01B96A68F00709CD2 /* btn_news@3x.png in Resources */ = {isa = PBXBuildFile; fileRef = C7E9CDCE1B96A68F00709CD2 /* btn_news@3x.png */; };
		C7E9CDD51B97418100709CD2 /* libAMoAd.a in Frameworks */ = {isa = PBXBuildFile; fileRef = C7E9CDD41B97418100709CD2 /* libAMoAd.a */; };
		C7E9CDD71B9741F700709CD2 /* ImageIO.framework in Frameworks */ = {isa = PBXBuildFile; fileRef = C7E9CDD61B9741F700709CD2 /* ImageIO.framework */; };
		C7E9CDD91B97420600709CD2 /* StoreKit.framework in Frameworks */ = {isa = PBXBuildFile; fileRef = C7E9CDD81B97420600709CD2 /* StoreKit.framework */; };
		C7E9CDDB1B97463A00709CD2 /* AdImageTextTableViewCellLarge.xib in Resources */ = {isa = PBXBuildFile; fileRef = C7E9CDDA1B97463A00709CD2 /* AdImageTextTableViewCellLarge.xib */; };
		C7FBB5DC1B22EBA600CEC6EB /* Const.swift in Sources */ = {isa = PBXBuildFile; fileRef = C7FBB5DB1B22EBA600CEC6EB /* Const.swift */; };
		C7FBB5DE1B242BD800CEC6EB /* WebViewController.swift in Sources */ = {isa = PBXBuildFile; fileRef = C7FBB5DD1B242BD800CEC6EB /* WebViewController.swift */; };
		C7FBB5E81B24350A00CEC6EB /* HTPressableButton.m in Sources */ = {isa = PBXBuildFile; fileRef = C7FBB5E11B24350A00CEC6EB /* HTPressableButton.m */; };
		C7FBB5E91B24350A00CEC6EB /* HTPressableButtonPrefs.m in Sources */ = {isa = PBXBuildFile; fileRef = C7FBB5E31B24350A00CEC6EB /* HTPressableButtonPrefs.m */; };
		C7FBB5EA1B24350A00CEC6EB /* UIColor+HTColor.m in Sources */ = {isa = PBXBuildFile; fileRef = C7FBB5E51B24350A00CEC6EB /* UIColor+HTColor.m */; };
		C7FBB5EB1B24350A00CEC6EB /* UIImage+HTButton.m in Sources */ = {isa = PBXBuildFile; fileRef = C7FBB5E71B24350A00CEC6EB /* UIImage+HTButton.m */; };
		E0353B611B26B68C002B2E32 /* LikeRankingTableViewCell.swift in Sources */ = {isa = PBXBuildFile; fileRef = E0353B601B26B68C002B2E32 /* LikeRankingTableViewCell.swift */; };
/* End PBXBuildFile section */

/* Begin PBXContainerItemProxy section */
		C779ADD71B0379AB000F585A /* PBXContainerItemProxy */ = {
			isa = PBXContainerItemProxy;
			containerPortal = C779ADB71B0379AB000F585A /* Project object */;
			proxyType = 1;
			remoteGlobalIDString = C779ADBE1B0379AB000F585A;
			remoteInfo = InstaSearch;
		};
/* End PBXContainerItemProxy section */

/* Begin PBXCopyFilesBuildPhase section */
		C74A83481B4B4E8E00EDAE9D /* Embed Frameworks */ = {
			isa = PBXCopyFilesBuildPhase;
			buildActionMask = 2147483647;
			dstPath = "";
			dstSubfolderSpec = 10;
			files = (
				C77979461C53B15200D6B22C /* RealmSwift.framework in Embed Frameworks */,
				C77979441C53B15200D6B22C /* Realm.framework in Embed Frameworks */,
			);
			name = "Embed Frameworks";
			runOnlyForDeploymentPostprocessing = 0;
		};
/* End PBXCopyFilesBuildPhase section */

/* Begin PBXFileReference section */
		9712409F1B09FE3200E25C2E /* TopViewController.swift */ = {isa = PBXFileReference; fileEncoding = 4; lastKnownFileType = sourcecode.swift; path = TopViewController.swift; sourceTree = "<group>"; };
		971240A31B09FE6F00E25C2E /* SearchViewController.swift */ = {isa = PBXFileReference; fileEncoding = 4; lastKnownFileType = sourcecode.swift; path = SearchViewController.swift; sourceTree = "<group>"; };
		971240A71B09FE8400E25C2E /* FollowerRankingViewController.swift */ = {isa = PBXFileReference; fileEncoding = 4; lastKnownFileType = sourcecode.swift; path = FollowerRankingViewController.swift; sourceTree = "<group>"; };
		971240AB1B09FEA400E25C2E /* LikeRankingViewController.swift */ = {isa = PBXFileReference; fileEncoding = 4; lastKnownFileType = sourcecode.swift; path = LikeRankingViewController.swift; sourceTree = "<group>"; };
		971240AF1B09FED400E25C2E /* UserDetailViewController.swift */ = {isa = PBXFileReference; fileEncoding = 4; lastKnownFileType = sourcecode.swift; path = UserDetailViewController.swift; sourceTree = "<group>"; };
		971240B31B09FEE400E25C2E /* OtherViewController.swift */ = {isa = PBXFileReference; fileEncoding = 4; lastKnownFileType = sourcecode.swift; path = OtherViewController.swift; sourceTree = "<group>"; };
		971240B71B0A016300E25C2E /* TabBarController.swift */ = {isa = PBXFileReference; fileEncoding = 4; lastKnownFileType = sourcecode.swift; path = TabBarController.swift; sourceTree = "<group>"; };
		9720D5341B0F4B4A00E258CE /* Reachability.h */ = {isa = PBXFileReference; fileEncoding = 4; lastKnownFileType = sourcecode.c.h; path = Reachability.h; sourceTree = "<group>"; };
		9720D5351B0F4B4A00E258CE /* Reachability.m */ = {isa = PBXFileReference; fileEncoding = 4; lastKnownFileType = sourcecode.c.objc; path = Reachability.m; sourceTree = "<group>"; };
		9720D5371B0F4B6C00E258CE /* SystemConfiguration.framework */ = {isa = PBXFileReference; lastKnownFileType = wrapper.framework; name = SystemConfiguration.framework; path = System/Library/Frameworks/SystemConfiguration.framework; sourceTree = SDKROOT; };
		97769B161B5E656300CC0D41 /* MessageUI.framework */ = {isa = PBXFileReference; lastKnownFileType = wrapper.framework; name = MessageUI.framework; path = System/Library/Frameworks/MessageUI.framework; sourceTree = SDKROOT; };
		97769B181B5E777100CC0D41 /* faq.txt */ = {isa = PBXFileReference; fileEncoding = 4; lastKnownFileType = text; path = faq.txt; sourceTree = "<group>"; };
		97769B191B5E777100CC0D41 /* license.txt */ = {isa = PBXFileReference; fileEncoding = 4; lastKnownFileType = text; path = license.txt; sourceTree = "<group>"; };
		97769B1A1B5E777100CC0D41 /* sozai.txt */ = {isa = PBXFileReference; fileEncoding = 4; lastKnownFileType = text; path = sozai.txt; sourceTree = "<group>"; };
		C70204C51B0A1F6A004FAD19 /* LaunchScreen.xib */ = {isa = PBXFileReference; fileEncoding = 4; lastKnownFileType = file.xib; path = LaunchScreen.xib; sourceTree = "<group>"; };
		C70204C91B0A2070004FAD19 /* AFHTTPRequestOperation.h */ = {isa = PBXFileReference; fileEncoding = 4; lastKnownFileType = sourcecode.c.h; path = AFHTTPRequestOperation.h; sourceTree = "<group>"; };
		C70204CA1B0A2070004FAD19 /* AFHTTPRequestOperation.m */ = {isa = PBXFileReference; fileEncoding = 4; lastKnownFileType = sourcecode.c.objc; path = AFHTTPRequestOperation.m; sourceTree = "<group>"; };
		C70204CB1B0A2070004FAD19 /* AFHTTPRequestOperationManager.h */ = {isa = PBXFileReference; fileEncoding = 4; lastKnownFileType = sourcecode.c.h; path = AFHTTPRequestOperationManager.h; sourceTree = "<group>"; };
		C70204CC1B0A2070004FAD19 /* AFHTTPRequestOperationManager.m */ = {isa = PBXFileReference; fileEncoding = 4; lastKnownFileType = sourcecode.c.objc; path = AFHTTPRequestOperationManager.m; sourceTree = "<group>"; };
		C70204CD1B0A2070004FAD19 /* AFHTTPSessionManager.h */ = {isa = PBXFileReference; fileEncoding = 4; lastKnownFileType = sourcecode.c.h; path = AFHTTPSessionManager.h; sourceTree = "<group>"; };
		C70204CE1B0A2070004FAD19 /* AFHTTPSessionManager.m */ = {isa = PBXFileReference; fileEncoding = 4; lastKnownFileType = sourcecode.c.objc; path = AFHTTPSessionManager.m; sourceTree = "<group>"; };
		C70204CF1B0A2070004FAD19 /* AFNetworking.h */ = {isa = PBXFileReference; fileEncoding = 4; lastKnownFileType = sourcecode.c.h; path = AFNetworking.h; sourceTree = "<group>"; };
		C70204D01B0A2070004FAD19 /* AFNetworkReachabilityManager.h */ = {isa = PBXFileReference; fileEncoding = 4; lastKnownFileType = sourcecode.c.h; path = AFNetworkReachabilityManager.h; sourceTree = "<group>"; };
		C70204D11B0A2070004FAD19 /* AFNetworkReachabilityManager.m */ = {isa = PBXFileReference; fileEncoding = 4; lastKnownFileType = sourcecode.c.objc; path = AFNetworkReachabilityManager.m; sourceTree = "<group>"; };
		C70204D21B0A2070004FAD19 /* AFSecurityPolicy.h */ = {isa = PBXFileReference; fileEncoding = 4; lastKnownFileType = sourcecode.c.h; path = AFSecurityPolicy.h; sourceTree = "<group>"; };
		C70204D31B0A2070004FAD19 /* AFSecurityPolicy.m */ = {isa = PBXFileReference; fileEncoding = 4; lastKnownFileType = sourcecode.c.objc; path = AFSecurityPolicy.m; sourceTree = "<group>"; };
		C70204D41B0A2070004FAD19 /* AFURLConnectionOperation.h */ = {isa = PBXFileReference; fileEncoding = 4; lastKnownFileType = sourcecode.c.h; path = AFURLConnectionOperation.h; sourceTree = "<group>"; };
		C70204D51B0A2070004FAD19 /* AFURLConnectionOperation.m */ = {isa = PBXFileReference; fileEncoding = 4; lastKnownFileType = sourcecode.c.objc; path = AFURLConnectionOperation.m; sourceTree = "<group>"; };
		C70204D61B0A2070004FAD19 /* AFURLRequestSerialization.h */ = {isa = PBXFileReference; fileEncoding = 4; lastKnownFileType = sourcecode.c.h; path = AFURLRequestSerialization.h; sourceTree = "<group>"; };
		C70204D71B0A2070004FAD19 /* AFURLRequestSerialization.m */ = {isa = PBXFileReference; fileEncoding = 4; lastKnownFileType = sourcecode.c.objc; path = AFURLRequestSerialization.m; sourceTree = "<group>"; };
		C70204D81B0A2070004FAD19 /* AFURLResponseSerialization.h */ = {isa = PBXFileReference; fileEncoding = 4; lastKnownFileType = sourcecode.c.h; path = AFURLResponseSerialization.h; sourceTree = "<group>"; };
		C70204D91B0A2070004FAD19 /* AFURLResponseSerialization.m */ = {isa = PBXFileReference; fileEncoding = 4; lastKnownFileType = sourcecode.c.objc; path = AFURLResponseSerialization.m; sourceTree = "<group>"; };
		C70204DA1B0A2070004FAD19 /* AFURLSessionManager.h */ = {isa = PBXFileReference; fileEncoding = 4; lastKnownFileType = sourcecode.c.h; path = AFURLSessionManager.h; sourceTree = "<group>"; };
		C70204DB1B0A2070004FAD19 /* AFURLSessionManager.m */ = {isa = PBXFileReference; fileEncoding = 4; lastKnownFileType = sourcecode.c.objc; path = AFURLSessionManager.m; sourceTree = "<group>"; };
		C70204DD1B0A2070004FAD19 /* AFNetworkActivityIndicatorManager.h */ = {isa = PBXFileReference; fileEncoding = 4; lastKnownFileType = sourcecode.c.h; path = AFNetworkActivityIndicatorManager.h; sourceTree = "<group>"; };
		C70204DE1B0A2070004FAD19 /* AFNetworkActivityIndicatorManager.m */ = {isa = PBXFileReference; fileEncoding = 4; lastKnownFileType = sourcecode.c.objc; path = AFNetworkActivityIndicatorManager.m; sourceTree = "<group>"; };
		C70204DF1B0A2070004FAD19 /* UIActivityIndicatorView+AFNetworking.h */ = {isa = PBXFileReference; fileEncoding = 4; lastKnownFileType = sourcecode.c.h; path = "UIActivityIndicatorView+AFNetworking.h"; sourceTree = "<group>"; };
		C70204E01B0A2070004FAD19 /* UIActivityIndicatorView+AFNetworking.m */ = {isa = PBXFileReference; fileEncoding = 4; lastKnownFileType = sourcecode.c.objc; path = "UIActivityIndicatorView+AFNetworking.m"; sourceTree = "<group>"; };
		C70204E11B0A2070004FAD19 /* UIAlertView+AFNetworking.h */ = {isa = PBXFileReference; fileEncoding = 4; lastKnownFileType = sourcecode.c.h; path = "UIAlertView+AFNetworking.h"; sourceTree = "<group>"; };
		C70204E21B0A2070004FAD19 /* UIAlertView+AFNetworking.m */ = {isa = PBXFileReference; fileEncoding = 4; lastKnownFileType = sourcecode.c.objc; path = "UIAlertView+AFNetworking.m"; sourceTree = "<group>"; };
		C70204E31B0A2070004FAD19 /* UIButton+AFNetworking.h */ = {isa = PBXFileReference; fileEncoding = 4; lastKnownFileType = sourcecode.c.h; path = "UIButton+AFNetworking.h"; sourceTree = "<group>"; };
		C70204E41B0A2070004FAD19 /* UIButton+AFNetworking.m */ = {isa = PBXFileReference; fileEncoding = 4; lastKnownFileType = sourcecode.c.objc; path = "UIButton+AFNetworking.m"; sourceTree = "<group>"; };
		C70204E51B0A2070004FAD19 /* UIImageView+AFNetworking.h */ = {isa = PBXFileReference; fileEncoding = 4; lastKnownFileType = sourcecode.c.h; path = "UIImageView+AFNetworking.h"; sourceTree = "<group>"; };
		C70204E61B0A2070004FAD19 /* UIImageView+AFNetworking.m */ = {isa = PBXFileReference; fileEncoding = 4; lastKnownFileType = sourcecode.c.objc; path = "UIImageView+AFNetworking.m"; sourceTree = "<group>"; };
		C70204E71B0A2070004FAD19 /* UIKit+AFNetworking.h */ = {isa = PBXFileReference; fileEncoding = 4; lastKnownFileType = sourcecode.c.h; path = "UIKit+AFNetworking.h"; sourceTree = "<group>"; };
		C70204E81B0A2070004FAD19 /* UIProgressView+AFNetworking.h */ = {isa = PBXFileReference; fileEncoding = 4; lastKnownFileType = sourcecode.c.h; path = "UIProgressView+AFNetworking.h"; sourceTree = "<group>"; };
		C70204E91B0A2070004FAD19 /* UIProgressView+AFNetworking.m */ = {isa = PBXFileReference; fileEncoding = 4; lastKnownFileType = sourcecode.c.objc; path = "UIProgressView+AFNetworking.m"; sourceTree = "<group>"; };
		C70204EA1B0A2070004FAD19 /* UIRefreshControl+AFNetworking.h */ = {isa = PBXFileReference; fileEncoding = 4; lastKnownFileType = sourcecode.c.h; path = "UIRefreshControl+AFNetworking.h"; sourceTree = "<group>"; };
		C70204EB1B0A2070004FAD19 /* UIRefreshControl+AFNetworking.m */ = {isa = PBXFileReference; fileEncoding = 4; lastKnownFileType = sourcecode.c.objc; path = "UIRefreshControl+AFNetworking.m"; sourceTree = "<group>"; };
		C70204EC1B0A2070004FAD19 /* UIWebView+AFNetworking.h */ = {isa = PBXFileReference; fileEncoding = 4; lastKnownFileType = sourcecode.c.h; path = "UIWebView+AFNetworking.h"; sourceTree = "<group>"; };
		C70204ED1B0A2070004FAD19 /* UIWebView+AFNetworking.m */ = {isa = PBXFileReference; fileEncoding = 4; lastKnownFileType = sourcecode.c.objc; path = "UIWebView+AFNetworking.m"; sourceTree = "<group>"; };
		C70204FF1B0A20EE004FAD19 /* Bridging-Header.h */ = {isa = PBXFileReference; lastKnownFileType = sourcecode.c.h; path = "Bridging-Header.h"; sourceTree = "<group>"; };
		C70205011B0AEA88004FAD19 /* HTMLNode.swift */ = {isa = PBXFileReference; fileEncoding = 4; lastKnownFileType = sourcecode.swift; path = HTMLNode.swift; sourceTree = "<group>"; };
		C70205021B0AEA88004FAD19 /* HTMLParser.swift */ = {isa = PBXFileReference; fileEncoding = 4; lastKnownFileType = sourcecode.swift; path = HTMLParser.swift; sourceTree = "<group>"; };
		C70205031B0AEA88004FAD19 /* Swift-HTML-Parser-Bridging-Header.h */ = {isa = PBXFileReference; fileEncoding = 4; lastKnownFileType = sourcecode.c.h; path = "Swift-HTML-Parser-Bridging-Header.h"; sourceTree = "<group>"; };
		C70205061B0AEAFB004FAD19 /* libxml2.dylib */ = {isa = PBXFileReference; lastKnownFileType = "compiled.mach-o.dylib"; name = libxml2.dylib; path = usr/lib/libxml2.dylib; sourceTree = SDKROOT; };
		C702050A1B108165004FAD19 /* SVProgressHUD-Prefix.pch */ = {isa = PBXFileReference; fileEncoding = 4; lastKnownFileType = sourcecode.c.h; path = "SVProgressHUD-Prefix.pch"; sourceTree = "<group>"; };
		C702050B1B108165004FAD19 /* SVProgressHUD.bundle */ = {isa = PBXFileReference; lastKnownFileType = "wrapper.plug-in"; path = SVProgressHUD.bundle; sourceTree = "<group>"; };
		C702050C1B108165004FAD19 /* SVProgressHUD.h */ = {isa = PBXFileReference; fileEncoding = 4; lastKnownFileType = sourcecode.c.h; path = SVProgressHUD.h; sourceTree = "<group>"; };
		C702050D1B108165004FAD19 /* SVProgressHUD.m */ = {isa = PBXFileReference; fileEncoding = 4; lastKnownFileType = sourcecode.c.objc; path = SVProgressHUD.m; sourceTree = "<group>"; };
		C70205111B1090A6004FAD19 /* AFHTTPRequestOperationManager+TimeoutCategory.h */ = {isa = PBXFileReference; fileEncoding = 4; lastKnownFileType = sourcecode.c.h; path = "AFHTTPRequestOperationManager+TimeoutCategory.h"; sourceTree = "<group>"; };
		C70205121B1090A6004FAD19 /* AFHTTPRequestOperationManager+TimeoutCategory.m */ = {isa = PBXFileReference; fileEncoding = 4; lastKnownFileType = sourcecode.c.objc; path = "AFHTTPRequestOperationManager+TimeoutCategory.m"; sourceTree = "<group>"; };
		C70205FB1B1ACF49004FAD19 /* Talentinsta.swift */ = {isa = PBXFileReference; fileEncoding = 4; lastKnownFileType = sourcecode.swift; path = Talentinsta.swift; sourceTree = "<group>"; };
		C70205FD1B1AD285004FAD19 /* ParseHelper.swift */ = {isa = PBXFileReference; fileEncoding = 4; lastKnownFileType = sourcecode.swift; path = ParseHelper.swift; sourceTree = "<group>"; };
		C70205FF1B1C15B1004FAD19 /* Util.swift */ = {isa = PBXFileReference; fileEncoding = 4; lastKnownFileType = sourcecode.swift; path = Util.swift; sourceTree = "<group>"; };
		C70206011B1C8CF6004FAD19 /* Log.swift */ = {isa = PBXFileReference; fileEncoding = 4; lastKnownFileType = sourcecode.swift; path = Log.swift; sourceTree = "<group>"; };
		C74A83491B4B574E00EDAE9D /* TalentModel.swift */ = {isa = PBXFileReference; fileEncoding = 4; lastKnownFileType = sourcecode.swift; path = TalentModel.swift; sourceTree = "<group>"; };
		C74A834B1B4CD14C00EDAE9D /* RealmHelper.swift */ = {isa = PBXFileReference; fileEncoding = 4; lastKnownFileType = sourcecode.swift; path = RealmHelper.swift; sourceTree = "<group>"; };
		C74A834D1B4D6D7F00EDAE9D /* barbtn_action@2x.png */ = {isa = PBXFileReference; lastKnownFileType = image.png; path = "barbtn_action@2x.png"; sourceTree = "<group>"; };
		C74A834E1B4D6D7F00EDAE9D /* barbtn_back@2x.png */ = {isa = PBXFileReference; lastKnownFileType = image.png; path = "barbtn_back@2x.png"; sourceTree = "<group>"; };
		C74A834F1B4D6D7F00EDAE9D /* barbtn_forward@2x.png */ = {isa = PBXFileReference; lastKnownFileType = image.png; path = "barbtn_forward@2x.png"; sourceTree = "<group>"; };
		C74A83501B4D6D7F00EDAE9D /* barbtn_gear@2x.png */ = {isa = PBXFileReference; lastKnownFileType = image.png; path = "barbtn_gear@2x.png"; sourceTree = "<group>"; };
		C74A83511B4D6D7F00EDAE9D /* barbtn_reload@2x.png */ = {isa = PBXFileReference; lastKnownFileType = image.png; path = "barbtn_reload@2x.png"; sourceTree = "<group>"; };
		C74A83571B4EB8EA00EDAE9D /* IndexTitleTalent.swift */ = {isa = PBXFileReference; fileEncoding = 4; lastKnownFileType = sourcecode.swift; path = IndexTitleTalent.swift; sourceTree = "<group>"; };
		C76368AD1B53F1F400F3EBCE /* TopTableViewCell.swift */ = {isa = PBXFileReference; fileEncoding = 4; lastKnownFileType = sourcecode.swift; path = TopTableViewCell.swift; sourceTree = "<group>"; };
		C76368AF1B540C0D00F3EBCE /* terracehouse.txt */ = {isa = PBXFileReference; fileEncoding = 4; lastKnownFileType = text; path = terracehouse.txt; sourceTree = "<group>"; };
		C7640DEA1B492C89002C443F /* loading@2x.png */ = {isa = PBXFileReference; lastKnownFileType = image.png; path = "loading@2x.png"; sourceTree = "<group>"; };
		C7640DEE1B4AC66E002C443F /* names.txt */ = {isa = PBXFileReference; fileEncoding = 4; lastKnownFileType = text; path = names.txt; sourceTree = "<group>"; };
		C7640DF01B4ACD28002C443F /* CoreData.framework */ = {isa = PBXFileReference; lastKnownFileType = wrapper.framework; name = CoreData.framework; path = System/Library/Frameworks/CoreData.framework; sourceTree = SDKROOT; };
		C7640E251B4AD1D5002C443F /* libc++.dylib */ = {isa = PBXFileReference; lastKnownFileType = "compiled.mach-o.dylib"; name = "libc++.dylib"; path = "usr/lib/libc++.dylib"; sourceTree = SDKROOT; };
		C76620CF1B1DDB05003FFC7A /* Main.storyboard */ = {isa = PBXFileReference; fileEncoding = 4; lastKnownFileType = file.storyboard; path = Main.storyboard; sourceTree = "<group>"; };
		C76620D11B1DDD4A003FFC7A /* Main2.storyboard */ = {isa = PBXFileReference; fileEncoding = 4; lastKnownFileType = file.storyboard; path = Main2.storyboard; sourceTree = "<group>"; };
		C76620D31B1E830F003FFC7A /* FollowerRankingTableViewCell.swift */ = {isa = PBXFileReference; fileEncoding = 4; lastKnownFileType = sourcecode.swift; path = FollowerRankingTableViewCell.swift; sourceTree = "<group>"; };
		C76620D51B2126A8003FFC7A /* TalentUser.swift */ = {isa = PBXFileReference; fileEncoding = 4; lastKnownFileType = sourcecode.swift; path = TalentUser.swift; sourceTree = "<group>"; };
		C772B1E01B75CC2000986F97 /* NewsViewController.swift */ = {isa = PBXFileReference; fileEncoding = 4; lastKnownFileType = sourcecode.swift; path = NewsViewController.swift; sourceTree = "<group>"; };
		C772B1E21B75CDCC00986F97 /* NewsTableViewCell.swift */ = {isa = PBXFileReference; fileEncoding = 4; lastKnownFileType = sourcecode.swift; path = NewsTableViewCell.swift; sourceTree = "<group>"; };
		C772B1E41B75D6C200986F97 /* News.swift */ = {isa = PBXFileReference; fileEncoding = 4; lastKnownFileType = sourcecode.swift; path = News.swift; sourceTree = "<group>"; };
		C772B1E71B75DA9E00986F97 /* GTMNSString+HTML.h */ = {isa = PBXFileReference; fileEncoding = 4; lastKnownFileType = sourcecode.c.h; path = "GTMNSString+HTML.h"; sourceTree = "<group>"; };
		C772B1E81B75DA9E00986F97 /* GTMNSString+HTML.m */ = {isa = PBXFileReference; fileEncoding = 4; lastKnownFileType = sourcecode.c.objc; path = "GTMNSString+HTML.m"; sourceTree = "<group>"; };
		C772B1E91B75DA9E00986F97 /* MWFeedInfo.h */ = {isa = PBXFileReference; fileEncoding = 4; lastKnownFileType = sourcecode.c.h; path = MWFeedInfo.h; sourceTree = "<group>"; };
		C772B1EA1B75DA9E00986F97 /* MWFeedInfo.m */ = {isa = PBXFileReference; fileEncoding = 4; lastKnownFileType = sourcecode.c.objc; path = MWFeedInfo.m; sourceTree = "<group>"; };
		C772B1EB1B75DA9E00986F97 /* MWFeedItem.h */ = {isa = PBXFileReference; fileEncoding = 4; lastKnownFileType = sourcecode.c.h; path = MWFeedItem.h; sourceTree = "<group>"; };
		C772B1EC1B75DA9E00986F97 /* MWFeedItem.m */ = {isa = PBXFileReference; fileEncoding = 4; lastKnownFileType = sourcecode.c.objc; path = MWFeedItem.m; sourceTree = "<group>"; };
		C772B1ED1B75DA9E00986F97 /* MWFeedParser.h */ = {isa = PBXFileReference; fileEncoding = 4; lastKnownFileType = sourcecode.c.h; path = MWFeedParser.h; sourceTree = "<group>"; };
		C772B1EE1B75DA9E00986F97 /* MWFeedParser.m */ = {isa = PBXFileReference; fileEncoding = 4; lastKnownFileType = sourcecode.c.objc; path = MWFeedParser.m; sourceTree = "<group>"; };
		C772B1EF1B75DA9E00986F97 /* MWFeedParser_Private.h */ = {isa = PBXFileReference; fileEncoding = 4; lastKnownFileType = sourcecode.c.h; path = MWFeedParser_Private.h; sourceTree = "<group>"; };
		C772B1F01B75DA9E00986F97 /* NSDate+InternetDateTime.h */ = {isa = PBXFileReference; fileEncoding = 4; lastKnownFileType = sourcecode.c.h; path = "NSDate+InternetDateTime.h"; sourceTree = "<group>"; };
		C772B1F11B75DA9E00986F97 /* NSDate+InternetDateTime.m */ = {isa = PBXFileReference; fileEncoding = 4; lastKnownFileType = sourcecode.c.objc; path = "NSDate+InternetDateTime.m"; sourceTree = "<group>"; };
		C772B1F21B75DA9E00986F97 /* NSString+HTML.h */ = {isa = PBXFileReference; fileEncoding = 4; lastKnownFileType = sourcecode.c.h; path = "NSString+HTML.h"; sourceTree = "<group>"; };
		C772B1F31B75DA9E00986F97 /* NSString+HTML.m */ = {isa = PBXFileReference; fileEncoding = 4; lastKnownFileType = sourcecode.c.objc; path = "NSString+HTML.m"; sourceTree = "<group>"; };
		C772B1F41B75DA9E00986F97 /* NSString+XMLEntities.h */ = {isa = PBXFileReference; fileEncoding = 4; lastKnownFileType = sourcecode.c.h; path = "NSString+XMLEntities.h"; sourceTree = "<group>"; };
		C772B1F51B75DA9E00986F97 /* NSString+XMLEntities.m */ = {isa = PBXFileReference; fileEncoding = 4; lastKnownFileType = sourcecode.c.objc; path = "NSString+XMLEntities.m"; sourceTree = "<group>"; };
		C77979411C53B15200D6B22C /* Realm.framework */ = {isa = PBXFileReference; lastKnownFileType = wrapper.framework; path = Realm.framework; sourceTree = "<group>"; };
		C77979421C53B15200D6B22C /* RealmSwift.framework */ = {isa = PBXFileReference; lastKnownFileType = wrapper.framework; path = RealmSwift.framework; sourceTree = "<group>"; };
		C77979471C53C60E00D6B22C /* NSObject+classname.swift */ = {isa = PBXFileReference; fileEncoding = 4; lastKnownFileType = sourcecode.swift; path = "NSObject+classname.swift"; sourceTree = "<group>"; };
		C779ADBF1B0379AB000F585A /* InstaSearch.app */ = {isa = PBXFileReference; explicitFileType = wrapper.application; includeInIndex = 0; path = InstaSearch.app; sourceTree = BUILT_PRODUCTS_DIR; };
		C779ADC31B0379AB000F585A /* Info.plist */ = {isa = PBXFileReference; lastKnownFileType = text.plist.xml; path = Info.plist; sourceTree = "<group>"; };
		C779ADC41B0379AB000F585A /* AppDelegate.swift */ = {isa = PBXFileReference; lastKnownFileType = sourcecode.swift; path = AppDelegate.swift; sourceTree = "<group>"; };
		C779ADCD1B0379AB000F585A /* Images.xcassets */ = {isa = PBXFileReference; lastKnownFileType = folder.assetcatalog; path = Images.xcassets; sourceTree = "<group>"; };
		C779ADD61B0379AB000F585A /* InstaSearchTests.xctest */ = {isa = PBXFileReference; explicitFileType = wrapper.cfbundle; includeInIndex = 0; path = InstaSearchTests.xctest; sourceTree = BUILT_PRODUCTS_DIR; };
		C779ADDB1B0379AB000F585A /* Info.plist */ = {isa = PBXFileReference; lastKnownFileType = text.plist.xml; path = Info.plist; sourceTree = "<group>"; };
		C779ADDC1B0379AB000F585A /* InstaSearchTests.swift */ = {isa = PBXFileReference; lastKnownFileType = sourcecode.swift; path = InstaSearchTests.swift; sourceTree = "<group>"; };
		C7CFAE561B561A0000C6B67F /* btn_close@2x.png */ = {isa = PBXFileReference; lastKnownFileType = image.png; path = "btn_close@2x.png"; sourceTree = "<group>"; };
		C7CFAE581B575FED00C6B67F /* Social.framework */ = {isa = PBXFileReference; lastKnownFileType = wrapper.framework; name = Social.framework; path = System/Library/Frameworks/Social.framework; sourceTree = SDKROOT; };
		C7CFAE5C1B59441100C6B67F /* koreanidol.txt */ = {isa = PBXFileReference; fileEncoding = 4; lastKnownFileType = text; path = koreanidol.txt; sourceTree = "<group>"; };
		C7CFAE601B5B878500C6B67F /* SubTalentModel.swift */ = {isa = PBXFileReference; fileEncoding = 4; lastKnownFileType = sourcecode.swift; path = SubTalentModel.swift; sourceTree = "<group>"; };
		C7CFAE621B5BAF2A00C6B67F /* akbgroup.txt */ = {isa = PBXFileReference; fileEncoding = 4; lastKnownFileType = text; path = akbgroup.txt; sourceTree = "<group>"; };
		C7CFAE631B5BAF2A00C6B67F /* comedian.txt */ = {isa = PBXFileReference; fileEncoding = 4; lastKnownFileType = text; path = comedian.txt; sourceTree = "<group>"; };
		C7CFAE641B5BAF2A00C6B67F /* creator.txt */ = {isa = PBXFileReference; fileEncoding = 4; lastKnownFileType = text; path = creator.txt; sourceTree = "<group>"; };
		C7CFAE651B5BAF2A00C6B67F /* international.txt */ = {isa = PBXFileReference; fileEncoding = 4; lastKnownFileType = text; path = international.txt; sourceTree = "<group>"; };
		C7CFAE661B5BAF2A00C6B67F /* modelandbikini.txt */ = {isa = PBXFileReference; fileEncoding = 4; lastKnownFileType = text; path = modelandbikini.txt; sourceTree = "<group>"; };
		C7CFAE671B5BAF2A00C6B67F /* singer.txt */ = {isa = PBXFileReference; fileEncoding = 4; lastKnownFileType = text; path = singer.txt; sourceTree = "<group>"; };
		C7CFAE681B5BAF2A00C6B67F /* talentman.txt */ = {isa = PBXFileReference; fileEncoding = 4; lastKnownFileType = text; path = talentman.txt; sourceTree = "<group>"; };
		C7CFAE691B5BAF2A00C6B67F /* talentwoman.txt */ = {isa = PBXFileReference; fileEncoding = 4; lastKnownFileType = text; path = talentwoman.txt; sourceTree = "<group>"; };
		C7CFAE721B5BFB6900C6B67F /* barbtn_reload_white@2x.png */ = {isa = PBXFileReference; lastKnownFileType = image.png; path = "barbtn_reload_white@2x.png"; sourceTree = "<group>"; };
		C7CFAE751B5C03AF00C6B67F /* GAI.h */ = {isa = PBXFileReference; fileEncoding = 4; lastKnownFileType = sourcecode.c.h; path = GAI.h; sourceTree = "<group>"; };
		C7CFAE761B5C03AF00C6B67F /* GAIDictionaryBuilder.h */ = {isa = PBXFileReference; fileEncoding = 4; lastKnownFileType = sourcecode.c.h; path = GAIDictionaryBuilder.h; sourceTree = "<group>"; };
		C7CFAE771B5C03AF00C6B67F /* GAIEcommerceFields.h */ = {isa = PBXFileReference; fileEncoding = 4; lastKnownFileType = sourcecode.c.h; path = GAIEcommerceFields.h; sourceTree = "<group>"; };
		C7CFAE781B5C03AF00C6B67F /* GAIEcommerceProduct.h */ = {isa = PBXFileReference; fileEncoding = 4; lastKnownFileType = sourcecode.c.h; path = GAIEcommerceProduct.h; sourceTree = "<group>"; };
		C7CFAE791B5C03AF00C6B67F /* GAIEcommerceProductAction.h */ = {isa = PBXFileReference; fileEncoding = 4; lastKnownFileType = sourcecode.c.h; path = GAIEcommerceProductAction.h; sourceTree = "<group>"; };
		C7CFAE7A1B5C03AF00C6B67F /* GAIEcommercePromotion.h */ = {isa = PBXFileReference; fileEncoding = 4; lastKnownFileType = sourcecode.c.h; path = GAIEcommercePromotion.h; sourceTree = "<group>"; };
		C7CFAE7B1B5C03AF00C6B67F /* GAIFields.h */ = {isa = PBXFileReference; fileEncoding = 4; lastKnownFileType = sourcecode.c.h; path = GAIFields.h; sourceTree = "<group>"; };
		C7CFAE7C1B5C03AF00C6B67F /* GAILogger.h */ = {isa = PBXFileReference; fileEncoding = 4; lastKnownFileType = sourcecode.c.h; path = GAILogger.h; sourceTree = "<group>"; };
		C7CFAE7D1B5C03AF00C6B67F /* GAITrackedViewController.h */ = {isa = PBXFileReference; fileEncoding = 4; lastKnownFileType = sourcecode.c.h; path = GAITrackedViewController.h; sourceTree = "<group>"; };
		C7CFAE7E1B5C03AF00C6B67F /* GAITracker.h */ = {isa = PBXFileReference; fileEncoding = 4; lastKnownFileType = sourcecode.c.h; path = GAITracker.h; sourceTree = "<group>"; };
		C7CFAE7F1B5C03D900C6B67F /* libGoogleAnalyticsServices.a */ = {isa = PBXFileReference; lastKnownFileType = archive.ar; path = libGoogleAnalyticsServices.a; sourceTree = "<group>"; };
		C7CFAE811B5C051E00C6B67F /* libz.dylib */ = {isa = PBXFileReference; lastKnownFileType = "compiled.mach-o.dylib"; name = libz.dylib; path = usr/lib/libz.dylib; sourceTree = SDKROOT; };
		C7CFAE831B5C052800C6B67F /* libsqlite3.dylib */ = {isa = PBXFileReference; lastKnownFileType = "compiled.mach-o.dylib"; name = libsqlite3.dylib; path = usr/lib/libsqlite3.dylib; sourceTree = SDKROOT; };
		C7CFAE851B5CD13B00C6B67F /* tabbtn_finduser@2x.png */ = {isa = PBXFileReference; lastKnownFileType = image.png; path = "tabbtn_finduser@2x.png"; sourceTree = "<group>"; };
		C7CFAE861B5CD13B00C6B67F /* tabbtn_group@2x.png */ = {isa = PBXFileReference; lastKnownFileType = image.png; path = "tabbtn_group@2x.png"; sourceTree = "<group>"; };
		C7CFAE871B5CD13B00C6B67F /* tabbtn_help@2x.png */ = {isa = PBXFileReference; lastKnownFileType = image.png; path = "tabbtn_help@2x.png"; sourceTree = "<group>"; };
		C7CFAE881B5CD13B00C6B67F /* tabbtn_like@2x.png */ = {isa = PBXFileReference; lastKnownFileType = image.png; path = "tabbtn_like@2x.png"; sourceTree = "<group>"; };
		C7CFAE891B5CD13B00C6B67F /* tabbtn_t@2x.png */ = {isa = PBXFileReference; lastKnownFileType = image.png; path = "tabbtn_t@2x.png"; sourceTree = "<group>"; };
		C7CFAE8F1B5CD35D00C6B67F /* tabbtn_t@3x.png */ = {isa = PBXFileReference; lastKnownFileType = image.png; path = "tabbtn_t@3x.png"; sourceTree = "<group>"; };
		C7CFAE951B5CD6AB00C6B67F /* logo_white@2x.png */ = {isa = PBXFileReference; lastKnownFileType = image.png; path = "logo_white@2x.png"; sourceTree = "<group>"; };
		C7CFAE961B5CD6AB00C6B67F /* logo_white@3x.png */ = {isa = PBXFileReference; lastKnownFileType = image.png; path = "logo_white@3x.png"; sourceTree = "<group>"; };
		C7CFAE991B5D3BC000C6B67F /* ImobileSdkAds.framework */ = {isa = PBXFileReference; lastKnownFileType = wrapper.framework; path = ImobileSdkAds.framework; sourceTree = "<group>"; };
		C7CFAE9B1B5D3BF900C6B67F /* CoreLocation.framework */ = {isa = PBXFileReference; lastKnownFileType = wrapper.framework; name = CoreLocation.framework; path = System/Library/Frameworks/CoreLocation.framework; sourceTree = SDKROOT; };
		C7CFAE9D1B5D3C0200C6B67F /* AdSupport.framework */ = {isa = PBXFileReference; lastKnownFileType = wrapper.framework; name = AdSupport.framework; path = System/Library/Frameworks/AdSupport.framework; sourceTree = SDKROOT; };
		C7E9CDC31B9603A200709CD2 /* tabbtn_recommend@2x.png */ = {isa = PBXFileReference; lastKnownFileType = image.png; path = "tabbtn_recommend@2x.png"; sourceTree = "<group>"; };
		C7E9CDC41B9603A200709CD2 /* tabbtn_recommend@3x.png */ = {isa = PBXFileReference; lastKnownFileType = image.png; path = "tabbtn_recommend@3x.png"; sourceTree = "<group>"; };
		C7E9CDC91B96A53400709CD2 /* btn_info@2x.png */ = {isa = PBXFileReference; lastKnownFileType = image.png; path = "btn_info@2x.png"; sourceTree = "<group>"; };
		C7E9CDCA1B96A53400709CD2 /* btn_info@3x.png */ = {isa = PBXFileReference; lastKnownFileType = image.png; path = "btn_info@3x.png"; sourceTree = "<group>"; };
		C7E9CDCD1B96A68F00709CD2 /* btn_news@2x.png */ = {isa = PBXFileReference; lastKnownFileType = image.png; path = "btn_news@2x.png"; sourceTree = "<group>"; };
		C7E9CDCE1B96A68F00709CD2 /* btn_news@3x.png */ = {isa = PBXFileReference; lastKnownFileType = image.png; path = "btn_news@3x.png"; sourceTree = "<group>"; };
		C7E9CDD21B97418100709CD2 /* AMoAdLogger.h */ = {isa = PBXFileReference; fileEncoding = 4; lastKnownFileType = sourcecode.c.h; path = AMoAdLogger.h; sourceTree = "<group>"; };
		C7E9CDD31B97418100709CD2 /* AMoAdNativeView.h */ = {isa = PBXFileReference; fileEncoding = 4; lastKnownFileType = sourcecode.c.h; path = AMoAdNativeView.h; sourceTree = "<group>"; };
		C7E9CDD41B97418100709CD2 /* libAMoAd.a */ = {isa = PBXFileReference; lastKnownFileType = archive.ar; path = libAMoAd.a; sourceTree = "<group>"; };
		C7E9CDD61B9741F700709CD2 /* ImageIO.framework */ = {isa = PBXFileReference; lastKnownFileType = wrapper.framework; name = ImageIO.framework; path = System/Library/Frameworks/ImageIO.framework; sourceTree = SDKROOT; };
		C7E9CDD81B97420600709CD2 /* StoreKit.framework */ = {isa = PBXFileReference; lastKnownFileType = wrapper.framework; name = StoreKit.framework; path = System/Library/Frameworks/StoreKit.framework; sourceTree = SDKROOT; };
		C7E9CDDA1B97463A00709CD2 /* AdImageTextTableViewCellLarge.xib */ = {isa = PBXFileReference; fileEncoding = 4; lastKnownFileType = file.xib; path = AdImageTextTableViewCellLarge.xib; sourceTree = "<group>"; };
		C7FBB5DB1B22EBA600CEC6EB /* Const.swift */ = {isa = PBXFileReference; fileEncoding = 4; lastKnownFileType = sourcecode.swift; path = Const.swift; sourceTree = "<group>"; };
		C7FBB5DD1B242BD800CEC6EB /* WebViewController.swift */ = {isa = PBXFileReference; fileEncoding = 4; lastKnownFileType = sourcecode.swift; path = WebViewController.swift; sourceTree = "<group>"; };
		C7FBB5E01B24350A00CEC6EB /* HTPressableButton.h */ = {isa = PBXFileReference; fileEncoding = 4; lastKnownFileType = sourcecode.c.h; path = HTPressableButton.h; sourceTree = "<group>"; };
		C7FBB5E11B24350A00CEC6EB /* HTPressableButton.m */ = {isa = PBXFileReference; fileEncoding = 4; lastKnownFileType = sourcecode.c.objc; path = HTPressableButton.m; sourceTree = "<group>"; };
		C7FBB5E21B24350A00CEC6EB /* HTPressableButtonPrefs.h */ = {isa = PBXFileReference; fileEncoding = 4; lastKnownFileType = sourcecode.c.h; path = HTPressableButtonPrefs.h; sourceTree = "<group>"; };
		C7FBB5E31B24350A00CEC6EB /* HTPressableButtonPrefs.m */ = {isa = PBXFileReference; fileEncoding = 4; lastKnownFileType = sourcecode.c.objc; path = HTPressableButtonPrefs.m; sourceTree = "<group>"; };
		C7FBB5E41B24350A00CEC6EB /* UIColor+HTColor.h */ = {isa = PBXFileReference; fileEncoding = 4; lastKnownFileType = sourcecode.c.h; path = "UIColor+HTColor.h"; sourceTree = "<group>"; };
		C7FBB5E51B24350A00CEC6EB /* UIColor+HTColor.m */ = {isa = PBXFileReference; fileEncoding = 4; lastKnownFileType = sourcecode.c.objc; path = "UIColor+HTColor.m"; sourceTree = "<group>"; };
		C7FBB5E61B24350A00CEC6EB /* UIImage+HTButton.h */ = {isa = PBXFileReference; fileEncoding = 4; lastKnownFileType = sourcecode.c.h; path = "UIImage+HTButton.h"; sourceTree = "<group>"; };
		C7FBB5E71B24350A00CEC6EB /* UIImage+HTButton.m */ = {isa = PBXFileReference; fileEncoding = 4; lastKnownFileType = sourcecode.c.objc; path = "UIImage+HTButton.m"; sourceTree = "<group>"; };
		E0353B601B26B68C002B2E32 /* LikeRankingTableViewCell.swift */ = {isa = PBXFileReference; fileEncoding = 4; lastKnownFileType = sourcecode.swift; path = LikeRankingTableViewCell.swift; sourceTree = "<group>"; };
/* End PBXFileReference section */

/* Begin PBXFrameworksBuildPhase section */
		C779ADBC1B0379AB000F585A /* Frameworks */ = {
			isa = PBXFrameworksBuildPhase;
			buildActionMask = 2147483647;
			files = (
				C7E9CDD91B97420600709CD2 /* StoreKit.framework in Frameworks */,
				C7E9CDD71B9741F700709CD2 /* ImageIO.framework in Frameworks */,
				C77979451C53B15200D6B22C /* RealmSwift.framework in Frameworks */,
				97769B171B5E656300CC0D41 /* MessageUI.framework in Frameworks */,
				9720D5381B0F4B6C00E258CE /* SystemConfiguration.framework in Frameworks */,
				C7CFAE9E1B5D3C0200C6B67F /* AdSupport.framework in Frameworks */,
				C7CFAE9C1B5D3BF900C6B67F /* CoreLocation.framework in Frameworks */,
				C7CFAE841B5C052800C6B67F /* libsqlite3.dylib in Frameworks */,
				C7CFAE821B5C051E00C6B67F /* libz.dylib in Frameworks */,
				C7E9CDD51B97418100709CD2 /* libAMoAd.a in Frameworks */,
				C7640DF11B4ACD28002C443F /* CoreData.framework in Frameworks */,
				C7CFAE591B575FED00C6B67F /* Social.framework in Frameworks */,
				C7640E261B4AD1D5002C443F /* libc++.dylib in Frameworks */,
				C77979431C53B15200D6B22C /* Realm.framework in Frameworks */,
				C7CFAE9A1B5D3BC000C6B67F /* ImobileSdkAds.framework in Frameworks */,
				C7CFAE801B5C03D900C6B67F /* libGoogleAnalyticsServices.a in Frameworks */,
				C70205071B0AEAFB004FAD19 /* libxml2.dylib in Frameworks */,
			);
			runOnlyForDeploymentPostprocessing = 0;
		};
		C779ADD31B0379AB000F585A /* Frameworks */ = {
			isa = PBXFrameworksBuildPhase;
			buildActionMask = 2147483647;
			files = (
			);
			runOnlyForDeploymentPostprocessing = 0;
		};
/* End PBXFrameworksBuildPhase section */

/* Begin PBXGroup section */
		9720D5331B0F4B4A00E258CE /* Reachability */ = {
			isa = PBXGroup;
			children = (
				9720D5341B0F4B4A00E258CE /* Reachability.h */,
				9720D5351B0F4B4A00E258CE /* Reachability.m */,
			);
			path = Reachability;
			sourceTree = "<group>";
		};
		9720D5391B0F4BEF00E258CE /* Model */ = {
			isa = PBXGroup;
			children = (
				C7FBB5DB1B22EBA600CEC6EB /* Const.swift */,
				C70205FF1B1C15B1004FAD19 /* Util.swift */,
				C70206011B1C8CF6004FAD19 /* Log.swift */,
				C70205FD1B1AD285004FAD19 /* ParseHelper.swift */,
				C74A834B1B4CD14C00EDAE9D /* RealmHelper.swift */,
				C70205FB1B1ACF49004FAD19 /* Talentinsta.swift */,
				C76620D51B2126A8003FFC7A /* TalentUser.swift */,
				C74A83491B4B574E00EDAE9D /* TalentModel.swift */,
				C7CFAE601B5B878500C6B67F /* SubTalentModel.swift */,
				C74A83571B4EB8EA00EDAE9D /* IndexTitleTalent.swift */,
				C772B1E41B75D6C200986F97 /* News.swift */,
				C77979471C53C60E00D6B22C /* NSObject+classname.swift */,
			);
			name = Model;
			sourceTree = "<group>";
		};
		9720D53E1B0F513400E258CE /* Frameworks */ = {
			isa = PBXGroup;
			children = (
				C7E9CDD81B97420600709CD2 /* StoreKit.framework */,
				C7E9CDD61B9741F700709CD2 /* ImageIO.framework */,
				97769B161B5E656300CC0D41 /* MessageUI.framework */,
				C7CFAE9D1B5D3C0200C6B67F /* AdSupport.framework */,
				C7CFAE9B1B5D3BF900C6B67F /* CoreLocation.framework */,
				C7CFAE831B5C052800C6B67F /* libsqlite3.dylib */,
				C7CFAE811B5C051E00C6B67F /* libz.dylib */,
				C7CFAE581B575FED00C6B67F /* Social.framework */,
				C7640E251B4AD1D5002C443F /* libc++.dylib */,
				C7640DF01B4ACD28002C443F /* CoreData.framework */,
				9720D5371B0F4B6C00E258CE /* SystemConfiguration.framework */,
				C70205061B0AEAFB004FAD19 /* libxml2.dylib */,
			);
			name = Frameworks;
			sourceTree = "<group>";
		};
		C70204C71B0A2070004FAD19 /* Library */ = {
			isa = PBXGroup;
			children = (
				C7E9CDD11B97418100709CD2 /* AMoAdSdk */,
				C772B1E61B75DA9E00986F97 /* MWFeedParser */,
				C7CFAE741B5C03AF00C6B67F /* GoogleAnalytics */,
				C7FBB5DF1B24350A00CEC6EB /* HTPressableButton */,
				C70205091B108165004FAD19 /* SVProgressHUD */,
				9720D5331B0F4B4A00E258CE /* Reachability */,
				C70205001B0AEA88004FAD19 /* Swift-HTML-Parser */,
				C70204C81B0A2070004FAD19 /* AFNetworking */,
				C70204DC1B0A2070004FAD19 /* UIKit+AFNetworking */,
			);
			path = Library;
			sourceTree = "<group>";
		};
		C70204C81B0A2070004FAD19 /* AFNetworking */ = {
			isa = PBXGroup;
			children = (
				C70205101B1090A6004FAD19 /* AFNetworikingCategory */,
				C70204C91B0A2070004FAD19 /* AFHTTPRequestOperation.h */,
				C70204CA1B0A2070004FAD19 /* AFHTTPRequestOperation.m */,
				C70204CB1B0A2070004FAD19 /* AFHTTPRequestOperationManager.h */,
				C70204CC1B0A2070004FAD19 /* AFHTTPRequestOperationManager.m */,
				C70204CD1B0A2070004FAD19 /* AFHTTPSessionManager.h */,
				C70204CE1B0A2070004FAD19 /* AFHTTPSessionManager.m */,
				C70204CF1B0A2070004FAD19 /* AFNetworking.h */,
				C70204D01B0A2070004FAD19 /* AFNetworkReachabilityManager.h */,
				C70204D11B0A2070004FAD19 /* AFNetworkReachabilityManager.m */,
				C70204D21B0A2070004FAD19 /* AFSecurityPolicy.h */,
				C70204D31B0A2070004FAD19 /* AFSecurityPolicy.m */,
				C70204D41B0A2070004FAD19 /* AFURLConnectionOperation.h */,
				C70204D51B0A2070004FAD19 /* AFURLConnectionOperation.m */,
				C70204D61B0A2070004FAD19 /* AFURLRequestSerialization.h */,
				C70204D71B0A2070004FAD19 /* AFURLRequestSerialization.m */,
				C70204D81B0A2070004FAD19 /* AFURLResponseSerialization.h */,
				C70204D91B0A2070004FAD19 /* AFURLResponseSerialization.m */,
				C70204DA1B0A2070004FAD19 /* AFURLSessionManager.h */,
				C70204DB1B0A2070004FAD19 /* AFURLSessionManager.m */,
			);
			path = AFNetworking;
			sourceTree = "<group>";
		};
		C70204DC1B0A2070004FAD19 /* UIKit+AFNetworking */ = {
			isa = PBXGroup;
			children = (
				C70204DD1B0A2070004FAD19 /* AFNetworkActivityIndicatorManager.h */,
				C70204DE1B0A2070004FAD19 /* AFNetworkActivityIndicatorManager.m */,
				C70204DF1B0A2070004FAD19 /* UIActivityIndicatorView+AFNetworking.h */,
				C70204E01B0A2070004FAD19 /* UIActivityIndicatorView+AFNetworking.m */,
				C70204E11B0A2070004FAD19 /* UIAlertView+AFNetworking.h */,
				C70204E21B0A2070004FAD19 /* UIAlertView+AFNetworking.m */,
				C70204E31B0A2070004FAD19 /* UIButton+AFNetworking.h */,
				C70204E41B0A2070004FAD19 /* UIButton+AFNetworking.m */,
				C70204E51B0A2070004FAD19 /* UIImageView+AFNetworking.h */,
				C70204E61B0A2070004FAD19 /* UIImageView+AFNetworking.m */,
				C70204E71B0A2070004FAD19 /* UIKit+AFNetworking.h */,
				C70204E81B0A2070004FAD19 /* UIProgressView+AFNetworking.h */,
				C70204E91B0A2070004FAD19 /* UIProgressView+AFNetworking.m */,
				C70204EA1B0A2070004FAD19 /* UIRefreshControl+AFNetworking.h */,
				C70204EB1B0A2070004FAD19 /* UIRefreshControl+AFNetworking.m */,
				C70204EC1B0A2070004FAD19 /* UIWebView+AFNetworking.h */,
				C70204ED1B0A2070004FAD19 /* UIWebView+AFNetworking.m */,
			);
			path = "UIKit+AFNetworking";
			sourceTree = "<group>";
		};
		C70205001B0AEA88004FAD19 /* Swift-HTML-Parser */ = {
			isa = PBXGroup;
			children = (
				C70205011B0AEA88004FAD19 /* HTMLNode.swift */,
				C70205021B0AEA88004FAD19 /* HTMLParser.swift */,
				C70205031B0AEA88004FAD19 /* Swift-HTML-Parser-Bridging-Header.h */,
			);
			path = "Swift-HTML-Parser";
			sourceTree = "<group>";
		};
		C70205091B108165004FAD19 /* SVProgressHUD */ = {
			isa = PBXGroup;
			children = (
				C702050A1B108165004FAD19 /* SVProgressHUD-Prefix.pch */,
				C702050B1B108165004FAD19 /* SVProgressHUD.bundle */,
				C702050C1B108165004FAD19 /* SVProgressHUD.h */,
				C702050D1B108165004FAD19 /* SVProgressHUD.m */,
			);
			path = SVProgressHUD;
			sourceTree = "<group>";
		};
		C70205101B1090A6004FAD19 /* AFNetworikingCategory */ = {
			isa = PBXGroup;
			children = (
				C70205111B1090A6004FAD19 /* AFHTTPRequestOperationManager+TimeoutCategory.h */,
				C70205121B1090A6004FAD19 /* AFHTTPRequestOperationManager+TimeoutCategory.m */,
			);
			path = AFNetworikingCategory;
			sourceTree = "<group>";
		};
		C7640DE61B492BEA002C443F /* Resources */ = {
			isa = PBXGroup;
			children = (
				C7640DED1B4AC66E002C443F /* data */,
				C7640DE71B492BEA002C443F /* images */,
			);
			path = Resources;
			sourceTree = "<group>";
		};
		C7640DE71B492BEA002C443F /* images */ = {
			isa = PBXGroup;
			children = (
				C7CFAE561B561A0000C6B67F /* btn_close@2x.png */,
				C7E9CDC91B96A53400709CD2 /* btn_info@2x.png */,
				C7E9CDCA1B96A53400709CD2 /* btn_info@3x.png */,
				C7E9CDCD1B96A68F00709CD2 /* btn_news@2x.png */,
				C7E9CDCE1B96A68F00709CD2 /* btn_news@3x.png */,
				C74A834D1B4D6D7F00EDAE9D /* barbtn_action@2x.png */,
				C74A834E1B4D6D7F00EDAE9D /* barbtn_back@2x.png */,
				C74A834F1B4D6D7F00EDAE9D /* barbtn_forward@2x.png */,
				C74A83501B4D6D7F00EDAE9D /* barbtn_gear@2x.png */,
				C74A83511B4D6D7F00EDAE9D /* barbtn_reload@2x.png */,
				C7CFAE721B5BFB6900C6B67F /* barbtn_reload_white@2x.png */,
				C7CFAE951B5CD6AB00C6B67F /* logo_white@2x.png */,
				C7CFAE961B5CD6AB00C6B67F /* logo_white@3x.png */,
				C7CFAE851B5CD13B00C6B67F /* tabbtn_finduser@2x.png */,
				C7CFAE861B5CD13B00C6B67F /* tabbtn_group@2x.png */,
				C7CFAE871B5CD13B00C6B67F /* tabbtn_help@2x.png */,
				C7CFAE881B5CD13B00C6B67F /* tabbtn_like@2x.png */,
				C7CFAE891B5CD13B00C6B67F /* tabbtn_t@2x.png */,
				C7CFAE8F1B5CD35D00C6B67F /* tabbtn_t@3x.png */,
				C7E9CDC31B9603A200709CD2 /* tabbtn_recommend@2x.png */,
				C7E9CDC41B9603A200709CD2 /* tabbtn_recommend@3x.png */,
				C7640DEA1B492C89002C443F /* loading@2x.png */,
			);
			path = images;
			sourceTree = "<group>";
		};
		C7640DEC1B49372E002C443F /* View */ = {
			isa = PBXGroup;
			children = (
				C7E9CDDA1B97463A00709CD2 /* AdImageTextTableViewCellLarge.xib */,
				C76368AD1B53F1F400F3EBCE /* TopTableViewCell.swift */,
				C76620D31B1E830F003FFC7A /* FollowerRankingTableViewCell.swift */,
				E0353B601B26B68C002B2E32 /* LikeRankingTableViewCell.swift */,
				C772B1E21B75CDCC00986F97 /* NewsTableViewCell.swift */,
			);
			name = View;
			sourceTree = "<group>";
		};
		C7640DED1B4AC66E002C443F /* data */ = {
			isa = PBXGroup;
			children = (
				97769B181B5E777100CC0D41 /* faq.txt */,
				97769B191B5E777100CC0D41 /* license.txt */,
				97769B1A1B5E777100CC0D41 /* sozai.txt */,
				C7CFAE621B5BAF2A00C6B67F /* akbgroup.txt */,
				C7CFAE631B5BAF2A00C6B67F /* comedian.txt */,
				C7CFAE641B5BAF2A00C6B67F /* creator.txt */,
				C7CFAE651B5BAF2A00C6B67F /* international.txt */,
				C7CFAE661B5BAF2A00C6B67F /* modelandbikini.txt */,
				C7CFAE671B5BAF2A00C6B67F /* singer.txt */,
				C7CFAE681B5BAF2A00C6B67F /* talentman.txt */,
				C7CFAE691B5BAF2A00C6B67F /* talentwoman.txt */,
				C7CFAE5C1B59441100C6B67F /* koreanidol.txt */,
				C76368AF1B540C0D00F3EBCE /* terracehouse.txt */,
				C7640DEE1B4AC66E002C443F /* names.txt */,
			);
			path = data;
			sourceTree = "<group>";
		};
		C772B1E61B75DA9E00986F97 /* MWFeedParser */ = {
			isa = PBXGroup;
			children = (
				C772B1E71B75DA9E00986F97 /* GTMNSString+HTML.h */,
				C772B1E81B75DA9E00986F97 /* GTMNSString+HTML.m */,
				C772B1E91B75DA9E00986F97 /* MWFeedInfo.h */,
				C772B1EA1B75DA9E00986F97 /* MWFeedInfo.m */,
				C772B1EB1B75DA9E00986F97 /* MWFeedItem.h */,
				C772B1EC1B75DA9E00986F97 /* MWFeedItem.m */,
				C772B1ED1B75DA9E00986F97 /* MWFeedParser.h */,
				C772B1EE1B75DA9E00986F97 /* MWFeedParser.m */,
				C772B1EF1B75DA9E00986F97 /* MWFeedParser_Private.h */,
				C772B1F01B75DA9E00986F97 /* NSDate+InternetDateTime.h */,
				C772B1F11B75DA9E00986F97 /* NSDate+InternetDateTime.m */,
				C772B1F21B75DA9E00986F97 /* NSString+HTML.h */,
				C772B1F31B75DA9E00986F97 /* NSString+HTML.m */,
				C772B1F41B75DA9E00986F97 /* NSString+XMLEntities.h */,
				C772B1F51B75DA9E00986F97 /* NSString+XMLEntities.m */,
			);
			path = MWFeedParser;
			sourceTree = "<group>";
		};
		C779ADB61B0379AB000F585A = {
			isa = PBXGroup;
			children = (
				C77979411C53B15200D6B22C /* Realm.framework */,
				C77979421C53B15200D6B22C /* RealmSwift.framework */,
				C7CFAE991B5D3BC000C6B67F /* ImobileSdkAds.framework */,
				C779ADC11B0379AB000F585A /* InstaSearch */,
				C779ADD91B0379AB000F585A /* InstaSearchTests */,
				9720D53E1B0F513400E258CE /* Frameworks */,
				C779ADC01B0379AB000F585A /* Products */,
			);
			sourceTree = "<group>";
		};
		C779ADC01B0379AB000F585A /* Products */ = {
			isa = PBXGroup;
			children = (
				C779ADBF1B0379AB000F585A /* InstaSearch.app */,
				C779ADD61B0379AB000F585A /* InstaSearchTests.xctest */,
			);
			name = Products;
			sourceTree = "<group>";
		};
		C779ADC11B0379AB000F585A /* InstaSearch */ = {
			isa = PBXGroup;
			children = (
				C70204C71B0A2070004FAD19 /* Library */,
				9720D5391B0F4BEF00E258CE /* Model */,
				C7640DEC1B49372E002C443F /* View */,
				C779ADC41B0379AB000F585A /* AppDelegate.swift */,
				9712409F1B09FE3200E25C2E /* TopViewController.swift */,
				971240A31B09FE6F00E25C2E /* SearchViewController.swift */,
				971240A71B09FE8400E25C2E /* FollowerRankingViewController.swift */,
				971240AF1B09FED400E25C2E /* UserDetailViewController.swift */,
				C772B1E01B75CC2000986F97 /* NewsViewController.swift */,
				C7FBB5DD1B242BD800CEC6EB /* WebViewController.swift */,
				971240AB1B09FEA400E25C2E /* LikeRankingViewController.swift */,
				971240B31B09FEE400E25C2E /* OtherViewController.swift */,
				971240B71B0A016300E25C2E /* TabBarController.swift */,
				C76620CF1B1DDB05003FFC7A /* Main.storyboard */,
				C76620D11B1DDD4A003FFC7A /* Main2.storyboard */,
				C70204C51B0A1F6A004FAD19 /* LaunchScreen.xib */,
				C779ADCD1B0379AB000F585A /* Images.xcassets */,
				C779ADC21B0379AB000F585A /* Supporting Files */,
			);
			path = InstaSearch;
			sourceTree = "<group>";
		};
		C779ADC21B0379AB000F585A /* Supporting Files */ = {
			isa = PBXGroup;
			children = (
				C7640DE61B492BEA002C443F /* Resources */,
				C779ADC31B0379AB000F585A /* Info.plist */,
				C70204FF1B0A20EE004FAD19 /* Bridging-Header.h */,
			);
			name = "Supporting Files";
			sourceTree = "<group>";
		};
		C779ADD91B0379AB000F585A /* InstaSearchTests */ = {
			isa = PBXGroup;
			children = (
				C779ADDC1B0379AB000F585A /* InstaSearchTests.swift */,
				C779ADDA1B0379AB000F585A /* Supporting Files */,
			);
			path = InstaSearchTests;
			sourceTree = "<group>";
		};
		C779ADDA1B0379AB000F585A /* Supporting Files */ = {
			isa = PBXGroup;
			children = (
				C779ADDB1B0379AB000F585A /* Info.plist */,
			);
			name = "Supporting Files";
			sourceTree = "<group>";
		};
		C7CFAE741B5C03AF00C6B67F /* GoogleAnalytics */ = {
			isa = PBXGroup;
			children = (
				C7CFAE7F1B5C03D900C6B67F /* libGoogleAnalyticsServices.a */,
				C7CFAE751B5C03AF00C6B67F /* GAI.h */,
				C7CFAE761B5C03AF00C6B67F /* GAIDictionaryBuilder.h */,
				C7CFAE771B5C03AF00C6B67F /* GAIEcommerceFields.h */,
				C7CFAE781B5C03AF00C6B67F /* GAIEcommerceProduct.h */,
				C7CFAE791B5C03AF00C6B67F /* GAIEcommerceProductAction.h */,
				C7CFAE7A1B5C03AF00C6B67F /* GAIEcommercePromotion.h */,
				C7CFAE7B1B5C03AF00C6B67F /* GAIFields.h */,
				C7CFAE7C1B5C03AF00C6B67F /* GAILogger.h */,
				C7CFAE7D1B5C03AF00C6B67F /* GAITrackedViewController.h */,
				C7CFAE7E1B5C03AF00C6B67F /* GAITracker.h */,
			);
			path = GoogleAnalytics;
			sourceTree = "<group>";
		};
		C7E9CDD11B97418100709CD2 /* AMoAdSdk */ = {
			isa = PBXGroup;
			children = (
				C7E9CDD21B97418100709CD2 /* AMoAdLogger.h */,
				C7E9CDD31B97418100709CD2 /* AMoAdNativeView.h */,
				C7E9CDD41B97418100709CD2 /* libAMoAd.a */,
			);
			path = AMoAdSdk;
			sourceTree = "<group>";
		};
		C7FBB5DF1B24350A00CEC6EB /* HTPressableButton */ = {
			isa = PBXGroup;
			children = (
				C7FBB5E01B24350A00CEC6EB /* HTPressableButton.h */,
				C7FBB5E11B24350A00CEC6EB /* HTPressableButton.m */,
				C7FBB5E21B24350A00CEC6EB /* HTPressableButtonPrefs.h */,
				C7FBB5E31B24350A00CEC6EB /* HTPressableButtonPrefs.m */,
				C7FBB5E41B24350A00CEC6EB /* UIColor+HTColor.h */,
				C7FBB5E51B24350A00CEC6EB /* UIColor+HTColor.m */,
				C7FBB5E61B24350A00CEC6EB /* UIImage+HTButton.h */,
				C7FBB5E71B24350A00CEC6EB /* UIImage+HTButton.m */,
			);
			path = HTPressableButton;
			sourceTree = "<group>";
		};
/* End PBXGroup section */

/* Begin PBXNativeTarget section */
		C779ADBE1B0379AB000F585A /* InstaSearch */ = {
			isa = PBXNativeTarget;
			buildConfigurationList = C779ADE01B0379AB000F585A /* Build configuration list for PBXNativeTarget "InstaSearch" */;
			buildPhases = (
				C779ADBB1B0379AB000F585A /* Sources */,
				C779ADBC1B0379AB000F585A /* Frameworks */,
				C779ADBD1B0379AB000F585A /* Resources */,
				C74A83481B4B4E8E00EDAE9D /* Embed Frameworks */,
				C7CFAE9F1B605C3E00C6B67F /* Run Script */,
			);
			buildRules = (
			);
			dependencies = (
			);
			name = InstaSearch;
			productName = InstaSearch;
			productReference = C779ADBF1B0379AB000F585A /* InstaSearch.app */;
			productType = "com.apple.product-type.application";
		};
		C779ADD51B0379AB000F585A /* InstaSearchTests */ = {
			isa = PBXNativeTarget;
			buildConfigurationList = C779ADE31B0379AB000F585A /* Build configuration list for PBXNativeTarget "InstaSearchTests" */;
			buildPhases = (
				C779ADD21B0379AB000F585A /* Sources */,
				C779ADD31B0379AB000F585A /* Frameworks */,
				C779ADD41B0379AB000F585A /* Resources */,
			);
			buildRules = (
			);
			dependencies = (
				C779ADD81B0379AB000F585A /* PBXTargetDependency */,
			);
			name = InstaSearchTests;
			productName = InstaSearchTests;
			productReference = C779ADD61B0379AB000F585A /* InstaSearchTests.xctest */;
			productType = "com.apple.product-type.bundle.unit-test";
		};
/* End PBXNativeTarget section */

/* Begin PBXProject section */
		C779ADB71B0379AB000F585A /* Project object */ = {
			isa = PBXProject;
			attributes = {
				LastSwiftMigration = 0720;
				LastSwiftUpdateCheck = 0720;
				LastUpgradeCheck = 0630;
				ORGANIZATIONNAME = "Plegineer Inc.";
				TargetAttributes = {
					C779ADBE1B0379AB000F585A = {
						CreatedOnToolsVersion = 6.3.1;
					};
					C779ADD51B0379AB000F585A = {
						CreatedOnToolsVersion = 6.3.1;
						TestTargetID = C779ADBE1B0379AB000F585A;
					};
				};
			};
			buildConfigurationList = C779ADBA1B0379AB000F585A /* Build configuration list for PBXProject "InstaSearch" */;
			compatibilityVersion = "Xcode 3.2";
			developmentRegion = English;
			hasScannedForEncodings = 0;
			knownRegions = (
				en,
				Base,
			);
			mainGroup = C779ADB61B0379AB000F585A;
			productRefGroup = C779ADC01B0379AB000F585A /* Products */;
			projectDirPath = "";
			projectRoot = "";
			targets = (
				C779ADBE1B0379AB000F585A /* InstaSearch */,
				C779ADD51B0379AB000F585A /* InstaSearchTests */,
			);
		};
/* End PBXProject section */

/* Begin PBXResourcesBuildPhase section */
		C779ADBD1B0379AB000F585A /* Resources */ = {
			isa = PBXResourcesBuildPhase;
			buildActionMask = 2147483647;
			files = (
				C7E9CDD01B96A68F00709CD2 /* btn_news@3x.png in Resources */,
				C7E9CDDB1B97463A00709CD2 /* AdImageTextTableViewCellLarge.xib in Resources */,
				C74A83531B4D6D7F00EDAE9D /* barbtn_back@2x.png in Resources */,
				C7CFAE6C1B5BAF2A00C6B67F /* creator.txt in Resources */,
				C7CFAE6E1B5BAF2A00C6B67F /* modelandbikini.txt in Resources */,
				C7CFAE701B5BAF2A00C6B67F /* talentman.txt in Resources */,
				C7E9CDC61B9603A200709CD2 /* tabbtn_recommend@3x.png in Resources */,
				C7E9CDC51B9603A200709CD2 /* tabbtn_recommend@2x.png in Resources */,
				C76368B01B540C0D00F3EBCE /* terracehouse.txt in Resources */,
				C74A83561B4D6D7F00EDAE9D /* barbtn_reload@2x.png in Resources */,
				C76620D01B1DDB05003FFC7A /* Main.storyboard in Resources */,
				C7CFAE971B5CD6AB00C6B67F /* logo_white@2x.png in Resources */,
				C7CFAE981B5CD6AB00C6B67F /* logo_white@3x.png in Resources */,
				C702050E1B108165004FAD19 /* SVProgressHUD.bundle in Resources */,
				C7CFAE6A1B5BAF2A00C6B67F /* akbgroup.txt in Resources */,
				C7CFAE8E1B5CD13B00C6B67F /* tabbtn_t@2x.png in Resources */,
				C7640DEF1B4AC66E002C443F /* names.txt in Resources */,
				C7CFAE6F1B5BAF2A00C6B67F /* singer.txt in Resources */,
				C74A83521B4D6D7F00EDAE9D /* barbtn_action@2x.png in Resources */,
				97769B1B1B5E777100CC0D41 /* faq.txt in Resources */,
				C7E9CDCB1B96A53400709CD2 /* btn_info@2x.png in Resources */,
				C7CFAE5D1B59441100C6B67F /* koreanidol.txt in Resources */,
				C7CFAE711B5BAF2A00C6B67F /* talentwoman.txt in Resources */,
				C7CFAE8D1B5CD13B00C6B67F /* tabbtn_like@2x.png in Resources */,
				C7E9CDCC1B96A53400709CD2 /* btn_info@3x.png in Resources */,
				C7CFAE8C1B5CD13B00C6B67F /* tabbtn_help@2x.png in Resources */,
				C7CFAE6B1B5BAF2A00C6B67F /* comedian.txt in Resources */,
				C70204C61B0A1F6A004FAD19 /* LaunchScreen.xib in Resources */,
				C7CFAE6D1B5BAF2A00C6B67F /* international.txt in Resources */,
				C7CFAE8B1B5CD13B00C6B67F /* tabbtn_group@2x.png in Resources */,
				C7E9CDCF1B96A68F00709CD2 /* btn_news@2x.png in Resources */,
				C76620D21B1DDD4A003FFC7A /* Main2.storyboard in Resources */,
				C74A83541B4D6D7F00EDAE9D /* barbtn_forward@2x.png in Resources */,
				97769B1D1B5E777100CC0D41 /* sozai.txt in Resources */,
				C7CFAE901B5CD35D00C6B67F /* tabbtn_t@3x.png in Resources */,
				C779ADCE1B0379AB000F585A /* Images.xcassets in Resources */,
				97769B1C1B5E777100CC0D41 /* license.txt in Resources */,
				C7CFAE8A1B5CD13B00C6B67F /* tabbtn_finduser@2x.png in Resources */,
				C74A83551B4D6D7F00EDAE9D /* barbtn_gear@2x.png in Resources */,
				C7CFAE571B561A0000C6B67F /* btn_close@2x.png in Resources */,
				C7CFAE731B5BFB6900C6B67F /* barbtn_reload_white@2x.png in Resources */,
				C7640DEB1B492C89002C443F /* loading@2x.png in Resources */,
			);
			runOnlyForDeploymentPostprocessing = 0;
		};
		C779ADD41B0379AB000F585A /* Resources */ = {
			isa = PBXResourcesBuildPhase;
			buildActionMask = 2147483647;
			files = (
			);
			runOnlyForDeploymentPostprocessing = 0;
		};
/* End PBXResourcesBuildPhase section */

/* Begin PBXShellScriptBuildPhase section */
		C7CFAE9F1B605C3E00C6B67F /* Run Script */ = {
			isa = PBXShellScriptBuildPhase;
			buildActionMask = 2147483647;
			files = (
			);
			inputPaths = (
			);
			name = "Run Script";
			outputPaths = (
			);
			runOnlyForDeploymentPostprocessing = 0;
			shellPath = /bin/sh;
			shellScript = "bash \"${BUILT_PRODUCTS_DIR}/${FRAMEWORKS_FOLDER_PATH}/Realm.framework/strip-frameworks.sh\"";
		};
/* End PBXShellScriptBuildPhase section */

/* Begin PBXSourcesBuildPhase section */
		C779ADBB1B0379AB000F585A /* Sources */ = {
			isa = PBXSourcesBuildPhase;
			buildActionMask = 2147483647;
			files = (
				C70204F61B0A2070004FAD19 /* AFURLSessionManager.m in Sources */,
				C7FBB5DC1B22EBA600CEC6EB /* Const.swift in Sources */,
				C70204F31B0A2070004FAD19 /* AFURLConnectionOperation.m in Sources */,
				C772B1F71B75DA9E00986F97 /* MWFeedInfo.m in Sources */,
				C70204FD1B0A2070004FAD19 /* UIRefreshControl+AFNetworking.m in Sources */,
				C70204FA1B0A2070004FAD19 /* UIButton+AFNetworking.m in Sources */,
				C7FBB5EA1B24350A00CEC6EB /* UIColor+HTColor.m in Sources */,
				C70205FC1B1ACF49004FAD19 /* Talentinsta.swift in Sources */,
				C70204FC1B0A2070004FAD19 /* UIProgressView+AFNetworking.m in Sources */,
				C70204EE1B0A2070004FAD19 /* AFHTTPRequestOperation.m in Sources */,
				971240A51B09FE6F00E25C2E /* SearchViewController.swift in Sources */,
				C70205FE1B1AD285004FAD19 /* ParseHelper.swift in Sources */,
				C70205131B1090A6004FAD19 /* AFHTTPRequestOperationManager+TimeoutCategory.m in Sources */,
				C70204F91B0A2070004FAD19 /* UIAlertView+AFNetworking.m in Sources */,
				C772B1FC1B75DA9E00986F97 /* NSString+XMLEntities.m in Sources */,
				C70204EF1B0A2070004FAD19 /* AFHTTPRequestOperationManager.m in Sources */,
				C74A834A1B4B574E00EDAE9D /* TalentModel.swift in Sources */,
				C772B1E51B75D6C200986F97 /* News.swift in Sources */,
				C70205051B0AEA88004FAD19 /* HTMLParser.swift in Sources */,
				9720D5361B0F4B4A00E258CE /* Reachability.m in Sources */,
				971240B81B0A016300E25C2E /* TabBarController.swift in Sources */,
				C7FBB5EB1B24350A00CEC6EB /* UIImage+HTButton.m in Sources */,
				971240B51B09FEE400E25C2E /* OtherViewController.swift in Sources */,
				C70204FB1B0A2070004FAD19 /* UIImageView+AFNetworking.m in Sources */,
				C70204F01B0A2070004FAD19 /* AFHTTPSessionManager.m in Sources */,
				C772B1E31B75CDCC00986F97 /* NewsTableViewCell.swift in Sources */,
				C76368AE1B53F1F400F3EBCE /* TopTableViewCell.swift in Sources */,
				C772B1F61B75DA9E00986F97 /* GTMNSString+HTML.m in Sources */,
				C70204F81B0A2070004FAD19 /* UIActivityIndicatorView+AFNetworking.m in Sources */,
				C7CFAE611B5B878500C6B67F /* SubTalentModel.swift in Sources */,
				C702050F1B108165004FAD19 /* SVProgressHUD.m in Sources */,
				C70204F71B0A2070004FAD19 /* AFNetworkActivityIndicatorManager.m in Sources */,
				C7FBB5E81B24350A00CEC6EB /* HTPressableButton.m in Sources */,
				C772B1F91B75DA9E00986F97 /* MWFeedParser.m in Sources */,
				C70206021B1C8CF6004FAD19 /* Log.swift in Sources */,
				E0353B611B26B68C002B2E32 /* LikeRankingTableViewCell.swift in Sources */,
				C76620D61B2126A8003FFC7A /* TalentUser.swift in Sources */,
				971240A11B09FE3200E25C2E /* TopViewController.swift in Sources */,
				C772B1E11B75CC2000986F97 /* NewsViewController.swift in Sources */,
				C77979481C53C60E00D6B22C /* NSObject+classname.swift in Sources */,
				C74A83581B4EB8EA00EDAE9D /* IndexTitleTalent.swift in Sources */,
				C70206001B1C15B1004FAD19 /* Util.swift in Sources */,
				971240A91B09FE8400E25C2E /* FollowerRankingViewController.swift in Sources */,
				C779ADC51B0379AB000F585A /* AppDelegate.swift in Sources */,
				C70204F21B0A2070004FAD19 /* AFSecurityPolicy.m in Sources */,
				C76620D41B1E830F003FFC7A /* FollowerRankingTableViewCell.swift in Sources */,
				971240AD1B09FEA400E25C2E /* LikeRankingViewController.swift in Sources */,
				C74A834C1B4CD14C00EDAE9D /* RealmHelper.swift in Sources */,
				C70204F41B0A2070004FAD19 /* AFURLRequestSerialization.m in Sources */,
				C70204F11B0A2070004FAD19 /* AFNetworkReachabilityManager.m in Sources */,
				C70204FE1B0A2070004FAD19 /* UIWebView+AFNetworking.m in Sources */,
				C772B1F81B75DA9E00986F97 /* MWFeedItem.m in Sources */,
				C70204F51B0A2070004FAD19 /* AFURLResponseSerialization.m in Sources */,
				C7FBB5E91B24350A00CEC6EB /* HTPressableButtonPrefs.m in Sources */,
				C772B1FB1B75DA9E00986F97 /* NSString+HTML.m in Sources */,
				C772B1FA1B75DA9E00986F97 /* NSDate+InternetDateTime.m in Sources */,
				C70205041B0AEA88004FAD19 /* HTMLNode.swift in Sources */,
				C7FBB5DE1B242BD800CEC6EB /* WebViewController.swift in Sources */,
				971240B11B09FED400E25C2E /* UserDetailViewController.swift in Sources */,
			);
			runOnlyForDeploymentPostprocessing = 0;
		};
		C779ADD21B0379AB000F585A /* Sources */ = {
			isa = PBXSourcesBuildPhase;
			buildActionMask = 2147483647;
			files = (
				C779ADDD1B0379AB000F585A /* InstaSearchTests.swift in Sources */,
			);
			runOnlyForDeploymentPostprocessing = 0;
		};
/* End PBXSourcesBuildPhase section */

/* Begin PBXTargetDependency section */
		C779ADD81B0379AB000F585A /* PBXTargetDependency */ = {
			isa = PBXTargetDependency;
			target = C779ADBE1B0379AB000F585A /* InstaSearch */;
			targetProxy = C779ADD71B0379AB000F585A /* PBXContainerItemProxy */;
		};
/* End PBXTargetDependency section */

/* Begin XCBuildConfiguration section */
		C779ADDE1B0379AB000F585A /* Debug */ = {
			isa = XCBuildConfiguration;
			buildSettings = {
				ALWAYS_SEARCH_USER_PATHS = YES;
				CLANG_CXX_LANGUAGE_STANDARD = "gnu++0x";
				CLANG_CXX_LIBRARY = "libc++";
				CLANG_ENABLE_MODULES = YES;
				CLANG_ENABLE_OBJC_ARC = YES;
				CLANG_WARN_BOOL_CONVERSION = YES;
				CLANG_WARN_CONSTANT_CONVERSION = YES;
				CLANG_WARN_DIRECT_OBJC_ISA_USAGE = YES_ERROR;
				CLANG_WARN_EMPTY_BODY = YES;
				CLANG_WARN_ENUM_CONVERSION = YES;
				CLANG_WARN_INT_CONVERSION = YES;
				CLANG_WARN_OBJC_ROOT_CLASS = YES_ERROR;
				CLANG_WARN_UNREACHABLE_CODE = YES;
				CLANG_WARN__DUPLICATE_METHOD_MATCH = YES;
				CODE_SIGN_IDENTITY = "iPhone Developer: OSAMU SUZUKI (ZUV49JJMQV)";
				"CODE_SIGN_IDENTITY[sdk=iphoneos*]" = "iPhone Developer: OSAMU SUZUKI (ZUV49JJMQV)";
				COPY_PHASE_STRIP = NO;
				DEBUG_INFORMATION_FORMAT = "dwarf-with-dsym";
				ENABLE_STRICT_OBJC_MSGSEND = YES;
				GCC_C_LANGUAGE_STANDARD = gnu99;
				GCC_DYNAMIC_NO_PIC = NO;
				GCC_NO_COMMON_BLOCKS = YES;
				GCC_OPTIMIZATION_LEVEL = 0;
				GCC_PREPROCESSOR_DEFINITIONS = (
					"DEBUG=1",
					"$(inherited)",
				);
				GCC_SYMBOLS_PRIVATE_EXTERN = NO;
				GCC_WARN_64_TO_32_BIT_CONVERSION = YES;
				GCC_WARN_ABOUT_RETURN_TYPE = YES_ERROR;
				GCC_WARN_UNDECLARED_SELECTOR = YES;
				GCC_WARN_UNINITIALIZED_AUTOS = YES_AGGRESSIVE;
				GCC_WARN_UNUSED_FUNCTION = YES;
				GCC_WARN_UNUSED_VARIABLE = YES;
				HEADER_SEARCH_PATHS = (
					"$(inherited)",
					/Applications/Xcode.app/Contents/Developer/Toolchains/XcodeDefault.xctoolchain/usr/include,
					/usr/include/libxml2,
				);
				IPHONEOS_DEPLOYMENT_TARGET = 8.0;
				MTL_ENABLE_DEBUG_INFO = YES;
				ONLY_ACTIVE_ARCH = YES;
				OTHER_SWIFT_FLAGS = "-D DEBUG";
				PROVISIONING_PROFILE = "481b3e8c-dfb0-417e-b260-fc158d8506d3";
				SDKROOT = iphoneos;
				SWIFT_OBJC_BRIDGING_HEADER = "InstaSearch/Bridging-Header.h";
				SWIFT_OPTIMIZATION_LEVEL = "-Onone";
			};
			name = Debug;
		};
		C779ADDF1B0379AB000F585A /* Release */ = {
			isa = XCBuildConfiguration;
			buildSettings = {
				ALWAYS_SEARCH_USER_PATHS = YES;
				CLANG_CXX_LANGUAGE_STANDARD = "gnu++0x";
				CLANG_CXX_LIBRARY = "libc++";
				CLANG_ENABLE_MODULES = YES;
				CLANG_ENABLE_OBJC_ARC = YES;
				CLANG_WARN_BOOL_CONVERSION = YES;
				CLANG_WARN_CONSTANT_CONVERSION = YES;
				CLANG_WARN_DIRECT_OBJC_ISA_USAGE = YES_ERROR;
				CLANG_WARN_EMPTY_BODY = YES;
				CLANG_WARN_ENUM_CONVERSION = YES;
				CLANG_WARN_INT_CONVERSION = YES;
				CLANG_WARN_OBJC_ROOT_CLASS = YES_ERROR;
				CLANG_WARN_UNREACHABLE_CODE = YES;
				CLANG_WARN__DUPLICATE_METHOD_MATCH = YES;
				CODE_SIGN_IDENTITY = "iPhone Distribution: OSAMU SUZUKI (EV6MDECWF6)";
				"CODE_SIGN_IDENTITY[sdk=iphoneos*]" = "iPhone Distribution: OSAMU SUZUKI (EV6MDECWF6)";
				COPY_PHASE_STRIP = NO;
				DEBUG_INFORMATION_FORMAT = "dwarf-with-dsym";
				ENABLE_NS_ASSERTIONS = NO;
				ENABLE_STRICT_OBJC_MSGSEND = YES;
				GCC_C_LANGUAGE_STANDARD = gnu99;
				GCC_NO_COMMON_BLOCKS = YES;
				GCC_WARN_64_TO_32_BIT_CONVERSION = YES;
				GCC_WARN_ABOUT_RETURN_TYPE = YES_ERROR;
				GCC_WARN_UNDECLARED_SELECTOR = YES;
				GCC_WARN_UNINITIALIZED_AUTOS = YES_AGGRESSIVE;
				GCC_WARN_UNUSED_FUNCTION = YES;
				GCC_WARN_UNUSED_VARIABLE = YES;
				HEADER_SEARCH_PATHS = (
					"$(inherited)",
					/Applications/Xcode.app/Contents/Developer/Toolchains/XcodeDefault.xctoolchain/usr/include,
					/usr/include/libxml2,
				);
				IPHONEOS_DEPLOYMENT_TARGET = 8.0;
				MTL_ENABLE_DEBUG_INFO = NO;
				PROVISIONING_PROFILE = "cec5feca-0f14-47c6-a6f1-2df61158aafe";
				SDKROOT = iphoneos;
				SWIFT_OBJC_BRIDGING_HEADER = "InstaSearch/Bridging-Header.h";
				VALIDATE_PRODUCT = YES;
			};
			name = Release;
		};
		C779ADE11B0379AB000F585A /* Debug */ = {
			isa = XCBuildConfiguration;
			buildSettings = {
				ASSETCATALOG_COMPILER_APPICON_NAME = AppIcon;
				CODE_SIGN_IDENTITY = "iPhone Developer: OSAMU SUZUKI (ZUV49JJMQV)";
				"CODE_SIGN_IDENTITY[sdk=iphoneos*]" = "iPhone Developer: OSAMU SUZUKI (ZUV49JJMQV)";
				FRAMEWORK_SEARCH_PATHS = (
					"$(inherited)",
					"$(PROJECT_DIR)",
				);
				INFOPLIST_FILE = InstaSearch/Info.plist;
				IPHONEOS_DEPLOYMENT_TARGET = 8.0;
				LD_RUNPATH_SEARCH_PATHS = "$(inherited) @executable_path/Frameworks";
				LIBRARY_SEARCH_PATHS = (
					"$(inherited)",
					"$(PROJECT_DIR)/InstaSearch/Library/GoogleAnalytics",
					"$(PROJECT_DIR)/InstaSearch/Library/AMoAdSdk",
				);
				OTHER_LDFLAGS = "-ObjC";
				PRODUCT_NAME = "$(TARGET_NAME)";
				PROVISIONING_PROFILE = "481b3e8c-dfb0-417e-b260-fc158d8506d3";
			};
			name = Debug;
		};
		C779ADE21B0379AB000F585A /* Release */ = {
			isa = XCBuildConfiguration;
			buildSettings = {
				ASSETCATALOG_COMPILER_APPICON_NAME = AppIcon;
				CODE_SIGN_IDENTITY = "iPhone Distribution: OSAMU SUZUKI (EV6MDECWF6)";
				"CODE_SIGN_IDENTITY[sdk=iphoneos*]" = "iPhone Distribution: OSAMU SUZUKI (EV6MDECWF6)";
				FRAMEWORK_SEARCH_PATHS = (
					"$(inherited)",
					"$(PROJECT_DIR)",
				);
				INFOPLIST_FILE = InstaSearch/Info.plist;
				IPHONEOS_DEPLOYMENT_TARGET = 8.0;
				LD_RUNPATH_SEARCH_PATHS = "$(inherited) @executable_path/Frameworks";
				LIBRARY_SEARCH_PATHS = (
					"$(inherited)",
					"$(PROJECT_DIR)/InstaSearch/Library/GoogleAnalytics",
					"$(PROJECT_DIR)/InstaSearch/Library/AMoAdSdk",
				);
				OTHER_LDFLAGS = "-ObjC";
				PRODUCT_NAME = "$(TARGET_NAME)";
				PROVISIONING_PROFILE = "cec5feca-0f14-47c6-a6f1-2df61158aafe";
			};
			name = Release;
		};
		C779ADE41B0379AB000F585A /* Debug */ = {
			isa = XCBuildConfiguration;
			buildSettings = {
				BUNDLE_LOADER = "$(TEST_HOST)";
				FRAMEWORK_SEARCH_PATHS = (
					"$(SDKROOT)/Developer/Library/Frameworks",
					"$(inherited)",
					"$(PROJECT_DIR)",
				);
				GCC_PREPROCESSOR_DEFINITIONS = (
					"DEBUG=1",
					"$(inherited)",
				);
				INFOPLIST_FILE = InstaSearchTests/Info.plist;
				LD_RUNPATH_SEARCH_PATHS = "$(inherited) @executable_path/Frameworks @loader_path/Frameworks";
				PRODUCT_NAME = "$(TARGET_NAME)";
				TEST_HOST = "$(BUILT_PRODUCTS_DIR)/InstaSearch.app/InstaSearch";
			};
			name = Debug;
		};
		C779ADE51B0379AB000F585A /* Release */ = {
			isa = XCBuildConfiguration;
			buildSettings = {
				BUNDLE_LOADER = "$(TEST_HOST)";
				FRAMEWORK_SEARCH_PATHS = (
					"$(SDKROOT)/Developer/Library/Frameworks",
					"$(inherited)",
					"$(PROJECT_DIR)",
				);
				INFOPLIST_FILE = InstaSearchTests/Info.plist;
				LD_RUNPATH_SEARCH_PATHS = "$(inherited) @executable_path/Frameworks @loader_path/Frameworks";
				PRODUCT_NAME = "$(TARGET_NAME)";
				TEST_HOST = "$(BUILT_PRODUCTS_DIR)/InstaSearch.app/InstaSearch";
			};
			name = Release;
		};
/* End XCBuildConfiguration section */

/* Begin XCConfigurationList section */
		C779ADBA1B0379AB000F585A /* Build configuration list for PBXProject "InstaSearch" */ = {
			isa = XCConfigurationList;
			buildConfigurations = (
				C779ADDE1B0379AB000F585A /* Debug */,
				C779ADDF1B0379AB000F585A /* Release */,
			);
			defaultConfigurationIsVisible = 0;
			defaultConfigurationName = Release;
		};
		C779ADE01B0379AB000F585A /* Build configuration list for PBXNativeTarget "InstaSearch" */ = {
			isa = XCConfigurationList;
			buildConfigurations = (
				C779ADE11B0379AB000F585A /* Debug */,
				C779ADE21B0379AB000F585A /* Release */,
			);
			defaultConfigurationIsVisible = 0;
			defaultConfigurationName = Release;
		};
		C779ADE31B0379AB000F585A /* Build configuration list for PBXNativeTarget "InstaSearchTests" */ = {
			isa = XCConfigurationList;
			buildConfigurations = (
				C779ADE41B0379AB000F585A /* Debug */,
				C779ADE51B0379AB000F585A /* Release */,
			);
			defaultConfigurationIsVisible = 0;
			defaultConfigurationName = Release;
		};
/* End XCConfigurationList section */
	};
	rootObject = C779ADB71B0379AB000F585A /* Project object */;
}
