// !$*UTF8*$!
{
	archiveVersion = 1;
	classes = {
	};
	objectVersion = 46;
	objects = {

/* Begin PBXBuildFile section */
		C779ADC51B0379AB000F585A /* AppDelegate.swift in Sources */ = {isa = PBXBuildFile; fileRef = C779ADC41B0379AB000F585A /* AppDelegate.swift */; };
		C779ADC71B0379AB000F585A /* FirstViewController.swift in Sources */ = {isa = PBXBuildFile; fileRef = C779ADC61B0379AB000F585A /* FirstViewController.swift */; };
		C779ADC91B0379AB000F585A /* SecondViewController.swift in Sources */ = {isa = PBXBuildFile; fileRef = C779ADC81B0379AB000F585A /* SecondViewController.swift */; };
		C779ADCC1B0379AB000F585A /* Main.storyboard in Resources */ = {isa = PBXBuildFile; fileRef = C779ADCA1B0379AB000F585A /* Main.storyboard */; };
		C779ADCE1B0379AB000F585A /* Images.xcassets in Resources */ = {isa = PBXBuildFile; fileRef = C779ADCD1B0379AB000F585A /* Images.xcassets */; };
		C779ADD11B0379AB000F585A /* LaunchScreen.xib in Resources */ = {isa = PBXBuildFile; fileRef = C779ADCF1B0379AB000F585A /* LaunchScreen.xib */; };
		C779ADDD1B0379AB000F585A /* InstaSearchTests.swift in Sources */ = {isa = PBXBuildFile; fileRef = C779ADDC1B0379AB000F585A /* InstaSearchTests.swift */; };
/* End PBXBuildFile section */

/* Begin PBXContainerItemProxy section */
		C779ADD71B0379AB000F585A /* PBXContainerItemProxy */ = {
			isa = PBXContainerItemProxy;
			containerPortal = C779ADB71B0379AB000F585A /* Project object */;
			proxyType = 1;
			remoteGlobalIDString = C779ADBE1B0379AB000F585A;
			remoteInfo = InstaSearch;
		};
/* End PBXContainerItemProxy section */

/* Begin PBXFileReference section */
		C779ADBF1B0379AB000F585A /* InstaSearch.app */ = {isa = PBXFileReference; explicitFileType = wrapper.application; includeInIndex = 0; path = InstaSearch.app; sourceTree = BUILT_PRODUCTS_DIR; };
		C779ADC31B0379AB000F585A /* Info.plist */ = {isa = PBXFileReference; lastKnownFileType = text.plist.xml; path = Info.plist; sourceTree = "<group>"; };
		C779ADC41B0379AB000F585A /* AppDelegate.swift */ = {isa = PBXFileReference; lastKnownFileType = sourcecode.swift; path = AppDelegate.swift; sourceTree = "<group>"; };
		C779ADC61B0379AB000F585A /* FirstViewController.swift */ = {isa = PBXFileReference; lastKnownFileType = sourcecode.swift; path = FirstViewController.swift; sourceTree = "<group>"; };
		C779ADC81B0379AB000F585A /* SecondViewController.swift */ = {isa = PBXFileReference; lastKnownFileType = sourcecode.swift; path = SecondViewController.swift; sourceTree = "<group>"; };
		C779ADCB1B0379AB000F585A /* Base */ = {isa = PBXFileReference; lastKnownFileType = file.storyboard; name = Base; path = Base.lproj/Main.storyboard; sourceTree = "<group>"; };
		C779ADCD1B0379AB000F585A /* Images.xcassets */ = {isa = PBXFileReference; lastKnownFileType = folder.assetcatalog; path = Images.xcassets; sourceTree = "<group>"; };
		C779ADD01B0379AB000F585A /* Base */ = {isa = PBXFileReference; lastKnownFileType = file.xib; name = Base; path = Base.lproj/LaunchScreen.xib; sourceTree = "<group>"; };
		C779ADD61B0379AB000F585A /* InstaSearchTests.xctest */ = {isa = PBXFileReference; explicitFileType = wrapper.cfbundle; includeInIndex = 0; path = InstaSearchTests.xctest; sourceTree = BUILT_PRODUCTS_DIR; };
		C779ADDB1B0379AB000F585A /* Info.plist */ = {isa = PBXFileReference; lastKnownFileType = text.plist.xml; path = Info.plist; sourceTree = "<group>"; };
		C779ADDC1B0379AB000F585A /* InstaSearchTests.swift */ = {isa = PBXFileReference; lastKnownFileType = sourcecode.swift; path = InstaSearchTests.swift; sourceTree = "<group>"; };
/* End PBXFileReference section */

/* Begin PBXFrameworksBuildPhase section */
		C779ADBC1B0379AB000F585A /* Frameworks */ = {
			isa = PBXFrameworksBuildPhase;
			buildActionMask = 2147483647;
			files = (
			);
			runOnlyForDeploymentPostprocessing = 0;
		};
		C779ADD31B0379AB000F585A /* Frameworks */ = {
			isa = PBXFrameworksBuildPhase;
			buildActionMask = 2147483647;
			files = (
			);
			runOnlyForDeploymentPostprocessing = 0;
		};
/* End PBXFrameworksBuildPhase section */

/* Begin PBXGroup section */
		C779ADB61B0379AB000F585A = {
			isa = PBXGroup;
			children = (
				C779ADC11B0379AB000F585A /* InstaSearch */,
				C779ADD91B0379AB000F585A /* InstaSearchTests */,
				C779ADC01B0379AB000F585A /* Products */,
			);
			sourceTree = "<group>";
		};
		C779ADC01B0379AB000F585A /* Products */ = {
			isa = PBXGroup;
			children = (
				C779ADBF1B0379AB000F585A /* InstaSearch.app */,
				C779ADD61B0379AB000F585A /* InstaSearchTests.xctest */,
			);
			name = Products;
			sourceTree = "<group>";
		};
		C779ADC11B0379AB000F585A /* InstaSearch */ = {
			isa = PBXGroup;
			children = (
				C779ADC41B0379AB000F585A /* AppDelegate.swift */,
				C779ADC61B0379AB000F585A /* FirstViewController.swift */,
				C779ADC81B0379AB000F585A /* SecondViewController.swift */,
				C779ADCA1B0379AB000F585A /* Main.storyboard */,
				C779ADCD1B0379AB000F585A /* Images.xcassets */,
				C779ADCF1B0379AB000F585A /* LaunchScreen.xib */,
				C779ADC21B0379AB000F585A /* Supporting Files */,
			);
			path = InstaSearch;
			sourceTree = "<group>";
		};
		C779ADC21B0379AB000F585A /* Supporting Files */ = {
			isa = PBXGroup;
			children = (
				C779ADC31B0379AB000F585A /* Info.plist */,
			);
			name = "Supporting Files";
			sourceTree = "<group>";
		};
		C779ADD91B0379AB000F585A /* InstaSearchTests */ = {
			isa = PBXGroup;
			children = (
				C779ADDC1B0379AB000F585A /* InstaSearchTests.swift */,
				C779ADDA1B0379AB000F585A /* Supporting Files */,
			);
			path = InstaSearchTests;
			sourceTree = "<group>";
		};
		C779ADDA1B0379AB000F585A /* Supporting Files */ = {
			isa = PBXGroup;
			children = (
				C779ADDB1B0379AB000F585A /* Info.plist */,
			);
			name = "Supporting Files";
			sourceTree = "<group>";
		};
/* End PBXGroup section */

/* Begin PBXNativeTarget section */
		C779ADBE1B0379AB000F585A /* InstaSearch */ = {
			isa = PBXNativeTarget;
			buildConfigurationList = C779ADE01B0379AB000F585A /* Build configuration list for PBXNativeTarget "InstaSearch" */;
			buildPhases = (
				C779ADBB1B0379AB000F585A /* Sources */,
				C779ADBC1B0379AB000F585A /* Frameworks */,
				C779ADBD1B0379AB000F585A /* Resources */,
			);
			buildRules = (
			);
			dependencies = (
			);
			name = InstaSearch;
			productName = InstaSearch;
			productReference = C779ADBF1B0379AB000F585A /* InstaSearch.app */;
			productType = "com.apple.product-type.application";
		};
		C779ADD51B0379AB000F585A /* InstaSearchTests */ = {
			isa = PBXNativeTarget;
			buildConfigurationList = C779ADE31B0379AB000F585A /* Build configuration list for PBXNativeTarget "InstaSearchTests" */;
			buildPhases = (
				C779ADD21B0379AB000F585A /* Sources */,
				C779ADD31B0379AB000F585A /* Frameworks */,
				C779ADD41B0379AB000F585A /* Resources */,
			);
			buildRules = (
			);
			dependencies = (
				C779ADD81B0379AB000F585A /* PBXTargetDependency */,
			);
			name = InstaSearchTests;
			productName = InstaSearchTests;
			productReference = C779ADD61B0379AB000F585A /* InstaSearchTests.xctest */;
			productType = "com.apple.product-type.bundle.unit-test";
		};
/* End PBXNativeTarget section */

/* Begin PBXProject section */
		C779ADB71B0379AB000F585A /* Project object */ = {
			isa = PBXProject;
			attributes = {
				LastUpgradeCheck = 0630;
				ORGANIZATIONNAME = "Plegineer Inc.";
				TargetAttributes = {
					C779ADBE1B0379AB000F585A = {
						CreatedOnToolsVersion = 6.3.1;
					};
					C779ADD51B0379AB000F585A = {
						CreatedOnToolsVersion = 6.3.1;
						TestTargetID = C779ADBE1B0379AB000F585A;
					};
				};
			};
			buildConfigurationList = C779ADBA1B0379AB000F585A /* Build configuration list for PBXProject "InstaSearch" */;
			compatibilityVersion = "Xcode 3.2";
			developmentRegion = English;
			hasScannedForEncodings = 0;
			knownRegions = (
				en,
				Base,
			);
			mainGroup = C779ADB61B0379AB000F585A;
			productRefGroup = C779ADC01B0379AB000F585A /* Products */;
			projectDirPath = "";
			projectRoot = "";
			targets = (
				C779ADBE1B0379AB000F585A /* InstaSearch */,
				C779ADD51B0379AB000F585A /* InstaSearchTests */,
			);
		};
/* End PBXProject section */

/* Begin PBXResourcesBuildPhase section */
		C779ADBD1B0379AB000F585A /* Resources */ = {
			isa = PBXResourcesBuildPhase;
			buildActionMask = 2147483647;
			files = (
				C779ADCC1B0379AB000F585A /* Main.storyboard in Resources */,
				C779ADD11B0379AB000F585A /* LaunchScreen.xib in Resources */,
				C779ADCE1B0379AB000F585A /* Images.xcassets in Resources */,
			);
			runOnlyForDeploymentPostprocessing = 0;
		};
		C779ADD41B0379AB000F585A /* Resources */ = {
			isa = PBXResourcesBuildPhase;
			buildActionMask = 2147483647;
			files = (
			);
			runOnlyForDeploymentPostprocessing = 0;
		};
/* End PBXResourcesBuildPhase section */

/* Begin PBXSourcesBuildPhase section */
		C779ADBB1B0379AB000F585A /* Sources */ = {
			isa = PBXSourcesBuildPhase;
			buildActionMask = 2147483647;
			files = (
				C779ADC91B0379AB000F585A /* SecondViewController.swift in Sources */,
				C779ADC51B0379AB000F585A /* AppDelegate.swift in Sources */,
				C779ADC71B0379AB000F585A /* FirstViewController.swift in Sources */,
			);
			runOnlyForDeploymentPostprocessing = 0;
		};
		C779ADD21B0379AB000F585A /* Sources */ = {
			isa = PBXSourcesBuildPhase;
			buildActionMask = 2147483647;
			files = (
				C779ADDD1B0379AB000F585A /* InstaSearchTests.swift in Sources */,
			);
			runOnlyForDeploymentPostprocessing = 0;
		};
/* End PBXSourcesBuildPhase section */

/* Begin PBXTargetDependency section */
		C779ADD81B0379AB000F585A /* PBXTargetDependency */ = {
			isa = PBXTargetDependency;
			target = C779ADBE1B0379AB000F585A /* InstaSearch */;
			targetProxy = C779ADD71B0379AB000F585A /* PBXContainerItemProxy */;
		};
/* End PBXTargetDependency section */

/* Begin PBXVariantGroup section */
		C779ADCA1B0379AB000F585A /* Main.storyboard */ = {
			isa = PBXVariantGroup;
			children = (
				C779ADCB1B0379AB000F585A /* Base */,
			);
			name = Main.storyboard;
			sourceTree = "<group>";
		};
		C779ADCF1B0379AB000F585A /* LaunchScreen.xib */ = {
			isa = PBXVariantGroup;
			children = (
				C779ADD01B0379AB000F585A /* Base */,
			);
			name = LaunchScreen.xib;
			sourceTree = "<group>";
		};
/* End PBXVariantGroup section */

/* Begin XCBuildConfiguration section */
		C779ADDE1B0379AB000F585A /* Debug */ = {
			isa = XCBuildConfiguration;
			buildSettings = {
				ALWAYS_SEARCH_USER_PATHS = NO;
				CLANG_CXX_LANGUAGE_STANDARD = "gnu++0x";
				CLANG_CXX_LIBRARY = "libc++";
				CLANG_ENABLE_MODULES = YES;
				CLANG_ENABLE_OBJC_ARC = YES;
				CLANG_WARN_BOOL_CONVERSION = YES;
				CLANG_WARN_CONSTANT_CONVERSION = YES;
				CLANG_WARN_DIRECT_OBJC_ISA_USAGE = YES_ERROR;
				CLANG_WARN_EMPTY_BODY = YES;
				CLANG_WARN_ENUM_CONVERSION = YES;
				CLANG_WARN_INT_CONVERSION = YES;
				CLANG_WARN_OBJC_ROOT_CLASS = YES_ERROR;
				CLANG_WARN_UNREACHABLE_CODE = YES;
				CLANG_WARN__DUPLICATE_METHOD_MATCH = YES;
				"CODE_SIGN_IDENTITY[sdk=iphoneos*]" = "iPhone Developer";
				COPY_PHASE_STRIP = NO;
				DEBUG_INFORMATION_FORMAT = "dwarf-with-dsym";
				ENABLE_STRICT_OBJC_MSGSEND = YES;
				GCC_C_LANGUAGE_STANDARD = gnu99;
				GCC_DYNAMIC_NO_PIC = NO;
				GCC_NO_COMMON_BLOCKS = YES;
				GCC_OPTIMIZATION_LEVEL = 0;
				GCC_PREPROCESSOR_DEFINITIONS = (
					"DEBUG=1",
					"$(inherited)",
				);
				GCC_SYMBOLS_PRIVATE_EXTERN = NO;
				GCC_WARN_64_TO_32_BIT_CONVERSION = YES;
				GCC_WARN_ABOUT_RETURN_TYPE = YES_ERROR;
				GCC_WARN_UNDECLARED_SELECTOR = YES;
				GCC_WARN_UNINITIALIZED_AUTOS = YES_AGGRESSIVE;
				GCC_WARN_UNUSED_FUNCTION = YES;
				GCC_WARN_UNUSED_VARIABLE = YES;
				IPHONEOS_DEPLOYMENT_TARGET = 8.3;
				MTL_ENABLE_DEBUG_INFO = YES;
				ONLY_ACTIVE_ARCH = YES;
				SDKROOT = iphoneos;
				SWIFT_OPTIMIZATION_LEVEL = "-Onone";
			};
			name = Debug;
		};
		C779ADDF1B0379AB000F585A /* Release */ = {
			isa = XCBuildConfiguration;
			buildSettings = {
				ALWAYS_SEARCH_USER_PATHS = NO;
				CLANG_CXX_LANGUAGE_STANDARD = "gnu++0x";
				CLANG_CXX_LIBRARY = "libc++";
				CLANG_ENABLE_MODULES = YES;
				CLANG_ENABLE_OBJC_ARC = YES;
				CLANG_WARN_BOOL_CONVERSION = YES;
				CLANG_WARN_CONSTANT_CONVERSION = YES;
				CLANG_WARN_DIRECT_OBJC_ISA_USAGE = YES_ERROR;
				CLANG_WARN_EMPTY_BODY = YES;
				CLANG_WARN_ENUM_CONVERSION = YES;
				CLANG_WARN_INT_CONVERSION = YES;
				CLANG_WARN_OBJC_ROOT_CLASS = YES_ERROR;
				CLANG_WARN_UNREACHABLE_CODE = YES;
				CLANG_WARN__DUPLICATE_METHOD_MATCH = YES;
				"CODE_SIGN_IDENTITY[sdk=iphoneos*]" = "iPhone Developer";
				COPY_PHASE_STRIP = NO;
				DEBUG_INFORMATION_FORMAT = "dwarf-with-dsym";
				ENABLE_NS_ASSERTIONS = NO;
				ENABLE_STRICT_OBJC_MSGSEND = YES;
				GCC_C_LANGUAGE_STANDARD = gnu99;
				GCC_NO_COMMON_BLOCKS = YES;
				GCC_WARN_64_TO_32_BIT_CONVERSION = YES;
				GCC_WARN_ABOUT_RETURN_TYPE = YES_ERROR;
				GCC_WARN_UNDECLARED_SELECTOR = YES;
				GCC_WARN_UNINITIALIZED_AUTOS = YES_AGGRESSIVE;
				GCC_WARN_UNUSED_FUNCTION = YES;
				GCC_WARN_UNUSED_VARIABLE = YES;
				IPHONEOS_DEPLOYMENT_TARGET = 8.3;
				MTL_ENABLE_DEBUG_INFO = NO;
				SDKROOT = iphoneos;
				VALIDATE_PRODUCT = YES;
			};
			name = Release;
		};
		C779ADE11B0379AB000F585A /* Debug */ = {
			isa = XCBuildConfiguration;
			buildSettings = {
				ASSETCATALOG_COMPILER_APPICON_NAME = AppIcon;
				INFOPLIST_FILE = InstaSearch/Info.plist;
				LD_RUNPATH_SEARCH_PATHS = "$(inherited) @executable_path/Frameworks";
				PRODUCT_NAME = "$(TARGET_NAME)";
			};
			name = Debug;
		};
		C779ADE21B0379AB000F585A /* Release */ = {
			isa = XCBuildConfiguration;
			buildSettings = {
				ASSETCATALOG_COMPILER_APPICON_NAME = AppIcon;
				INFOPLIST_FILE = InstaSearch/Info.plist;
				LD_RUNPATH_SEARCH_PATHS = "$(inherited) @executable_path/Frameworks";
				PRODUCT_NAME = "$(TARGET_NAME)";
			};
			name = Release;
		};
		C779ADE41B0379AB000F585A /* Debug */ = {
			isa = XCBuildConfiguration;
			buildSettings = {
				BUNDLE_LOADER = "$(TEST_HOST)";
				FRAMEWORK_SEARCH_PATHS = (
					"$(SDKROOT)/Developer/Library/Frameworks",
					"$(inherited)",
				);
				GCC_PREPROCESSOR_DEFINITIONS = (
					"DEBUG=1",
					"$(inherited)",
				);
				INFOPLIST_FILE = InstaSearchTests/Info.plist;
				LD_RUNPATH_SEARCH_PATHS = "$(inherited) @executable_path/Frameworks @loader_path/Frameworks";
				PRODUCT_NAME = "$(TARGET_NAME)";
				TEST_HOST = "$(BUILT_PRODUCTS_DIR)/InstaSearch.app/InstaSearch";
			};
			name = Debug;
		};
		C779ADE51B0379AB000F585A /* Release */ = {
			isa = XCBuildConfiguration;
			buildSettings = {
				BUNDLE_LOADER = "$(TEST_HOST)";
				FRAMEWORK_SEARCH_PATHS = (
					"$(SDKROOT)/Developer/Library/Frameworks",
					"$(inherited)",
				);
				INFOPLIST_FILE = InstaSearchTests/Info.plist;
				LD_RUNPATH_SEARCH_PATHS = "$(inherited) @executable_path/Frameworks @loader_path/Frameworks";
				PRODUCT_NAME = "$(TARGET_NAME)";
				TEST_HOST = "$(BUILT_PRODUCTS_DIR)/InstaSearch.app/InstaSearch";
			};
			name = Release;
		};
/* End XCBuildConfiguration section */

/* Begin XCConfigurationList section */
		C779ADBA1B0379AB000F585A /* Build configuration list for PBXProject "InstaSearch" */ = {
			isa = XCConfigurationList;
			buildConfigurations = (
				C779ADDE1B0379AB000F585A /* Debug */,
				C779ADDF1B0379AB000F585A /* Release */,
			);
			defaultConfigurationIsVisible = 0;
			defaultConfigurationName = Release;
		};
		C779ADE01B0379AB000F585A /* Build configuration list for PBXNativeTarget "InstaSearch" */ = {
			isa = XCConfigurationList;
			buildConfigurations = (
				C779ADE11B0379AB000F585A /* Debug */,
				C779ADE21B0379AB000F585A /* Release */,
			);
			defaultConfigurationIsVisible = 0;
		};
		C779ADE31B0379AB000F585A /* Build configuration list for PBXNativeTarget "InstaSearchTests" */ = {
			isa = XCConfigurationList;
			buildConfigurations = (
				C779ADE41B0379AB000F585A /* Debug */,
				C779ADE51B0379AB000F585A /* Release */,
			);
			defaultConfigurationIsVisible = 0;
		};
/* End XCConfigurationList section */
	};
	rootObject = C779ADB71B0379AB000F585A /* Project object */;
}
